// !$*UTF8*$!
{
	archiveVersion = 1;
	classes = {
	};
	objectVersion = 51;
	objects = {

/* Begin PBXBuildFile section */
		0C2828B7DC7B4E69B366BC8A /* OnlySources.m in Sources */ = {isa = PBXBuildFile; fileRef = 6451E1042218AD07E012BE3E /* OnlySources.m */; };
		289C7D0237A86E0EAC7C1390 /* main.m in Sources */ = {isa = PBXBuildFile; fileRef = 48D94E58E90EF7BCF75D1AE5 /* main.m */; };
		28E8AD5D130EBB1717A11D01 /* FW.m in Sources */ = {isa = PBXBuildFile; fileRef = C3B5675E6E4DD70F1CDF0A5C /* FW.m */; };
		9542B159FA1EB90573DBF55E /* FW_Private.h in Headers */ = {isa = PBXBuildFile; fileRef = 29B7860328FFF2B93BFC3A52 /* FW_Private.h */; settings = {ATTRIBUTES = (Public, ); }; };
		F36936F846C5715D4E6EBD3A /* FW2.m in Sources */ = {isa = PBXBuildFile; fileRef = C3045DBD771EBEE1C6EC71E0 /* FW2.m */; };
/* End PBXBuildFile section */

/* Begin PBXFileReference section */
		29B7860328FFF2B93BFC3A52 /* FW_Private.h */ = {isa = PBXFileReference; lastKnownFileType = sourcecode.c.h; path = FW_Private.h; sourceTree = "<group>"; };
		306D75D0FE88AE886AF0ECD8 /* BUILD.bazel */ = {isa = PBXFileReference; path = BUILD.bazel; sourceTree = "<group>"; };
		3E6A54D30A94DCFE4D030794 /* OnlySources.framework */ = {isa = PBXFileReference; includeInIndex = 0; lastKnownFileType = wrapper.framework; path = OnlySources.framework; sourceTree = BUILT_PRODUCTS_DIR; };
		48D94E58E90EF7BCF75D1AE5 /* main.m */ = {isa = PBXFileReference; lastKnownFileType = sourcecode.c.objc; path = main.m; sourceTree = "<group>"; };
		4A709BC25FBB00B46903C92F /* App.app */ = {isa = PBXFileReference; includeInIndex = 0; lastKnownFileType = wrapper.application; path = App.app; sourceTree = BUILT_PRODUCTS_DIR; };
		6451E1042218AD07E012BE3E /* OnlySources.m */ = {isa = PBXFileReference; lastKnownFileType = sourcecode.c.objc; path = OnlySources.m; sourceTree = "<group>"; };
		75B2A1D1C231263E3C11B847 /* FW2.h */ = {isa = PBXFileReference; lastKnownFileType = sourcecode.c.h; path = FW2.h; sourceTree = "<group>"; };
		9FACF6F13DF71974DBCF9E7B /* BUILD.bazel */ = {isa = PBXFileReference; path = BUILD.bazel; sourceTree = "<group>"; };
		9FE7046F1BB0655A48AA3361 /* FW.h */ = {isa = PBXFileReference; lastKnownFileType = sourcecode.c.h; path = FW.h; sourceTree = "<group>"; };
		BE179FCBD1E81D85A99F04F2 /* FW.framework */ = {isa = PBXFileReference; includeInIndex = 0; lastKnownFileType = wrapper.framework; path = FW.framework; sourceTree = BUILT_PRODUCTS_DIR; };
		C3045DBD771EBEE1C6EC71E0 /* FW2.m */ = {isa = PBXFileReference; lastKnownFileType = sourcecode.c.objc; path = FW2.m; sourceTree = "<group>"; };
		C3B5675E6E4DD70F1CDF0A5C /* FW.m */ = {isa = PBXFileReference; lastKnownFileType = sourcecode.c.objc; path = FW.m; sourceTree = "<group>"; };
		D0984C3F3D0592DB146CC9ED /* ExampleExtension.appex */ = {isa = PBXFileReference; includeInIndex = 0; lastKnownFileType = "wrapper.app-extension"; path = ExampleExtension.appex; sourceTree = BUILT_PRODUCTS_DIR; };
		F87DAF8DFD3A7E21192A93BB /* FW2.framework */ = {isa = PBXFileReference; includeInIndex = 0; lastKnownFileType = wrapper.framework; path = FW2.framework; sourceTree = BUILT_PRODUCTS_DIR; };
/* End PBXFileReference section */

/* Begin PBXGroup section */
		0215982818B010B5C5F2A859 /* app */ = {
			isa = PBXGroup;
			children = (
				C923E8C457D9BD00F25C2145 /* App */,
				306D75D0FE88AE886AF0ECD8 /* BUILD.bazel */,
				A3A1F4802444576580FEA72B /* FW */,
				5363DA284C81388EF2D66E90 /* FW2 */,
				FA83EFA22C0C3BFA8F3891FE /* OnlySources */,
			);
			path = app;
			sourceTree = "<group>";
		};
		0986C8327F3EBA714155C295 /* ios */ = {
			isa = PBXGroup;
			children = (
				0215982818B010B5C5F2A859 /* app */,
				A2B17C0AE6BDA77507DF7A85 /* extensions */,
			);
			path = ios;
			sourceTree = "<group>";
		};
		5363DA284C81388EF2D66E90 /* FW2 */ = {
			isa = PBXGroup;
			children = (
				75B2A1D1C231263E3C11B847 /* FW2.h */,
				C3045DBD771EBEE1C6EC71E0 /* FW2.m */,
			);
			path = FW2;
			sourceTree = "<group>";
		};
		6B50E096BC5E1DE436075CCD /* _main */ = {
			isa = PBXGroup;
			children = (
				C84E40585C557D7BC7C1D068 /* tests */,
			);
			name = _main;
			path = ../../..;
			sourceTree = "<group>";
		};
		7196CE8943ED112F5150EB2B = {
			isa = PBXGroup;
			children = (
				6B50E096BC5E1DE436075CCD /* _main */,
				FCBC73CDB581FF12C40E595F /* Products */,
			);
			sourceTree = "<group>";
		};
		A2B17C0AE6BDA77507DF7A85 /* extensions */ = {
			isa = PBXGroup;
			children = (
				9FACF6F13DF71974DBCF9E7B /* BUILD.bazel */,
			);
			path = extensions;
			sourceTree = "<group>";
		};
		A3A1F4802444576580FEA72B /* FW */ = {
			isa = PBXGroup;
			children = (
				29B7860328FFF2B93BFC3A52 /* FW_Private.h */,
				9FE7046F1BB0655A48AA3361 /* FW.h */,
				C3B5675E6E4DD70F1CDF0A5C /* FW.m */,
			);
			path = FW;
			sourceTree = "<group>";
		};
		C84E40585C557D7BC7C1D068 /* tests */ = {
			isa = PBXGroup;
			children = (
				0986C8327F3EBA714155C295 /* ios */,
			);
			path = tests;
			sourceTree = "<group>";
		};
		C923E8C457D9BD00F25C2145 /* App */ = {
			isa = PBXGroup;
			children = (
				48D94E58E90EF7BCF75D1AE5 /* main.m */,
			);
			path = App;
			sourceTree = "<group>";
		};
		FA83EFA22C0C3BFA8F3891FE /* OnlySources */ = {
			isa = PBXGroup;
			children = (
				6451E1042218AD07E012BE3E /* OnlySources.m */,
			);
			path = OnlySources;
			sourceTree = "<group>";
		};
		FCBC73CDB581FF12C40E595F /* Products */ = {
			isa = PBXGroup;
			children = (
				4A709BC25FBB00B46903C92F /* App.app */,
				D0984C3F3D0592DB146CC9ED /* ExampleExtension.appex */,
				BE179FCBD1E81D85A99F04F2 /* FW.framework */,
				F87DAF8DFD3A7E21192A93BB /* FW2.framework */,
				3E6A54D30A94DCFE4D030794 /* OnlySources.framework */,
			);
			name = Products;
			sourceTree = "<group>";
		};
/* End PBXGroup section */

/* Begin PBXHeadersBuildPhase section */
		65D1CFE5582330C782523B5A /* Headers */ = {
			isa = PBXHeadersBuildPhase;
			buildActionMask = 2147483647;
			files = (
				9542B159FA1EB90573DBF55E /* FW_Private.h in Headers */,
			);
			runOnlyForDeploymentPostprocessing = 0;
		};
/* End PBXHeadersBuildPhase section */

/* Begin PBXNativeTarget section */
		08F932F8097BBD299121788D /* ExampleExtension */ = {
			isa = PBXNativeTarget;
			buildConfigurationList = 21EB4709B4812CB35AE178FE /* Build configuration list for PBXNativeTarget "ExampleExtension" */;
			buildPhases = (
				3B433A0B31AD9CCA04F96002 /* Additional prebuild script */,
				0F228F58BD656888802CB1C0 /* Build with bazel */,
				AA34B8A096B506A101754BF0 /* Sources */,
			);
			buildRules = (
			);
			dependencies = (
			);
			name = ExampleExtension;
			productName = ExampleExtension;
			productReference = D0984C3F3D0592DB146CC9ED /* ExampleExtension.appex */;
			productType = "com.apple.product-type.app-extension";
		};
		942F18030A3668595E81B788 /* FW */ = {
			isa = PBXNativeTarget;
			buildConfigurationList = A02F111AE9B300EAE7F7456F /* Build configuration list for PBXNativeTarget "FW" */;
			buildPhases = (
				0F21611EB61D204015A71F63 /* Additional prebuild script */,
				14CE981EA1F74A43D33890C1 /* Build with bazel */,
				65D1CFE5582330C782523B5A /* Headers */,
				56875D50FC8874DB2F370820 /* Sources */,
			);
			buildRules = (
			);
			dependencies = (
			);
			name = FW;
			productName = FW;
			productReference = BE179FCBD1E81D85A99F04F2 /* FW.framework */;
			productType = "com.apple.product-type.framework.static";
		};
		CE41BEB7E726E94051C2E550 /* FW2 */ = {
			isa = PBXNativeTarget;
			buildConfigurationList = 8335E6DC2E91161C1120295A /* Build configuration list for PBXNativeTarget "FW2" */;
			buildPhases = (
				B2DDCE2C0AD3E3A23F5B4FBA /* Additional prebuild script */,
				351EA71BCE09BAD9B958FFB8 /* Build with bazel */,
				1B85ED5C173B7F56A96907F7 /* Sources */,
			);
			buildRules = (
			);
			dependencies = (
			);
			name = FW2;
			productName = FW2;
			productReference = F87DAF8DFD3A7E21192A93BB /* FW2.framework */;
			productType = "com.apple.product-type.framework.static";
		};
		E1DDD955BC3631E2A326D6E8 /* OnlySources */ = {
			isa = PBXNativeTarget;
			buildConfigurationList = 03403E26CE914137E89B1D39 /* Build configuration list for PBXNativeTarget "OnlySources" */;
			buildPhases = (
				6B97A5E4C71241A7E5663415 /* Additional prebuild script */,
				39903D71E50410D3495FC38A /* Build with bazel */,
				46F542BE26ED883391678F05 /* Sources */,
			);
			buildRules = (
			);
			dependencies = (
			);
			name = OnlySources;
			productName = OnlySources;
			productReference = 3E6A54D30A94DCFE4D030794 /* OnlySources.framework */;
			productType = "com.apple.product-type.framework.static";
		};
		F047FF925E14917A27E89E41 /* App */ = {
			isa = PBXNativeTarget;
			buildConfigurationList = A941210B9571F1A0442B32EC /* Build configuration list for PBXNativeTarget "App" */;
			buildPhases = (
				F2677FE8FD368EF6B1C4EF6C /* Additional prebuild script */,
				441B3D054CBBDFFB300295CE /* Build with bazel */,
				BECD4F6D399B1425F7F546DD /* Sources */,
			);
			buildRules = (
			);
			dependencies = (
			);
			name = App;
			productName = App;
			productReference = 4A709BC25FBB00B46903C92F /* App.app */;
			productType = "com.apple.product-type.application";
		};
/* End PBXNativeTarget section */

/* Begin PBXProject section */
		D65D8815D1B0DEC0C56D09A7 /* Project object */ = {
			isa = PBXProject;
			attributes = {
				LastUpgradeCheck = 1200;
				TargetAttributes = {
				};
			};
			buildConfigurationList = 21F33003E16EE54C5D729E26 /* Build configuration list for PBXProject "Test-With-Host-App-With-AdditionalPrebuildScript" */;
			compatibilityVersion = "Xcode 10.0";
			developmentRegion = en;
			hasScannedForEncodings = 0;
			knownRegions = (
				Base,
				en,
			);
			mainGroup = 7196CE8943ED112F5150EB2B;
			projectDirPath = "";
			projectRoot = "";
			targets = (
				F047FF925E14917A27E89E41 /* App */,
				08F932F8097BBD299121788D /* ExampleExtension */,
				942F18030A3668595E81B788 /* FW */,
				CE41BEB7E726E94051C2E550 /* FW2 */,
				E1DDD955BC3631E2A326D6E8 /* OnlySources */,
			);
		};
/* End PBXProject section */

/* Begin PBXShellScriptBuildPhase section */
		0F21611EB61D204015A71F63 /* Additional prebuild script */ = {
			isa = PBXShellScriptBuildPhase;
			buildActionMask = 2147483647;
			files = (
			);
			inputFileListPaths = (
			);
			inputPaths = (
			);
			name = "Additional prebuild script";
			outputFileListPaths = (
			);
			outputPaths = (
			);
			runOnlyForDeploymentPostprocessing = 0;
			shellPath = /bin/sh;
			shellScript = "echo 'DoSomething'";
		};
		0F228F58BD656888802CB1C0 /* Build with bazel */ = {
			isa = PBXShellScriptBuildPhase;
			buildActionMask = 2147483647;
			files = (
			);
			inputFileListPaths = (
			);
			inputPaths = (
			);
			name = "Build with bazel";
			outputFileListPaths = (
			);
			outputPaths = (
			);
			runOnlyForDeploymentPostprocessing = 0;
			shellPath = /bin/sh;
			shellScript = "\nset -euxo pipefail\ncd $BAZEL_WORKSPACE_ROOT\n\nexport BAZEL_DIAGNOSTICS_DIR=\"$BUILD_DIR/../../bazel-xcode-diagnostics/\"\nmkdir -p $BAZEL_DIAGNOSTICS_DIR\nexport DATE_SUFFIX=\"$(date +%Y%m%d.%H%M%S%L)\"\nexport BAZEL_BUILD_EVENT_TEXT_FILENAME=\"$BAZEL_DIAGNOSTICS_DIR/build-event-$DATE_SUFFIX.txt\"\nexport BAZEL_BUILD_EXECUTION_LOG_FILENAME=\"$BAZEL_DIAGNOSTICS_DIR/build-execution-log-$DATE_SUFFIX.log\"\nexport BAZEL_PROFILE_FILENAME=\"$BAZEL_DIAGNOSTICS_DIR/build-profile-$DATE_SUFFIX.log\"\nenv -u RUBYOPT -u RUBY_HOME -u GEM_HOME $BAZEL_BUILD_EXEC $BAZEL_BUILD_TARGET_LABEL\n$BAZEL_INSTALLER\n";
		};
		14CE981EA1F74A43D33890C1 /* Build with bazel */ = {
			isa = PBXShellScriptBuildPhase;
			buildActionMask = 2147483647;
			files = (
			);
			inputFileListPaths = (
			);
			inputPaths = (
			);
			name = "Build with bazel";
			outputFileListPaths = (
			);
			outputPaths = (
			);
			runOnlyForDeploymentPostprocessing = 0;
			shellPath = /bin/sh;
			shellScript = "\nset -euxo pipefail\ncd $BAZEL_WORKSPACE_ROOT\n\nexport BAZEL_DIAGNOSTICS_DIR=\"$BUILD_DIR/../../bazel-xcode-diagnostics/\"\nmkdir -p $BAZEL_DIAGNOSTICS_DIR\nexport DATE_SUFFIX=\"$(date +%Y%m%d.%H%M%S%L)\"\nexport BAZEL_BUILD_EVENT_TEXT_FILENAME=\"$BAZEL_DIAGNOSTICS_DIR/build-event-$DATE_SUFFIX.txt\"\nexport BAZEL_BUILD_EXECUTION_LOG_FILENAME=\"$BAZEL_DIAGNOSTICS_DIR/build-execution-log-$DATE_SUFFIX.log\"\nexport BAZEL_PROFILE_FILENAME=\"$BAZEL_DIAGNOSTICS_DIR/build-profile-$DATE_SUFFIX.log\"\nenv -u RUBYOPT -u RUBY_HOME -u GEM_HOME $BAZEL_BUILD_EXEC $BAZEL_BUILD_TARGET_LABEL\n$BAZEL_INSTALLER\n";
		};
		351EA71BCE09BAD9B958FFB8 /* Build with bazel */ = {
			isa = PBXShellScriptBuildPhase;
			buildActionMask = 2147483647;
			files = (
			);
			inputFileListPaths = (
			);
			inputPaths = (
			);
			name = "Build with bazel";
			outputFileListPaths = (
			);
			outputPaths = (
			);
			runOnlyForDeploymentPostprocessing = 0;
			shellPath = /bin/sh;
			shellScript = "\nset -euxo pipefail\ncd $BAZEL_WORKSPACE_ROOT\n\nexport BAZEL_DIAGNOSTICS_DIR=\"$BUILD_DIR/../../bazel-xcode-diagnostics/\"\nmkdir -p $BAZEL_DIAGNOSTICS_DIR\nexport DATE_SUFFIX=\"$(date +%Y%m%d.%H%M%S%L)\"\nexport BAZEL_BUILD_EVENT_TEXT_FILENAME=\"$BAZEL_DIAGNOSTICS_DIR/build-event-$DATE_SUFFIX.txt\"\nexport BAZEL_BUILD_EXECUTION_LOG_FILENAME=\"$BAZEL_DIAGNOSTICS_DIR/build-execution-log-$DATE_SUFFIX.log\"\nexport BAZEL_PROFILE_FILENAME=\"$BAZEL_DIAGNOSTICS_DIR/build-profile-$DATE_SUFFIX.log\"\nenv -u RUBYOPT -u RUBY_HOME -u GEM_HOME $BAZEL_BUILD_EXEC $BAZEL_BUILD_TARGET_LABEL\n$BAZEL_INSTALLER\n";
		};
		39903D71E50410D3495FC38A /* Build with bazel */ = {
			isa = PBXShellScriptBuildPhase;
			buildActionMask = 2147483647;
			files = (
			);
			inputFileListPaths = (
			);
			inputPaths = (
			);
			name = "Build with bazel";
			outputFileListPaths = (
			);
			outputPaths = (
			);
			runOnlyForDeploymentPostprocessing = 0;
			shellPath = /bin/sh;
			shellScript = "\nset -euxo pipefail\ncd $BAZEL_WORKSPACE_ROOT\n\nexport BAZEL_DIAGNOSTICS_DIR=\"$BUILD_DIR/../../bazel-xcode-diagnostics/\"\nmkdir -p $BAZEL_DIAGNOSTICS_DIR\nexport DATE_SUFFIX=\"$(date +%Y%m%d.%H%M%S%L)\"\nexport BAZEL_BUILD_EVENT_TEXT_FILENAME=\"$BAZEL_DIAGNOSTICS_DIR/build-event-$DATE_SUFFIX.txt\"\nexport BAZEL_BUILD_EXECUTION_LOG_FILENAME=\"$BAZEL_DIAGNOSTICS_DIR/build-execution-log-$DATE_SUFFIX.log\"\nexport BAZEL_PROFILE_FILENAME=\"$BAZEL_DIAGNOSTICS_DIR/build-profile-$DATE_SUFFIX.log\"\nenv -u RUBYOPT -u RUBY_HOME -u GEM_HOME $BAZEL_BUILD_EXEC $BAZEL_BUILD_TARGET_LABEL\n$BAZEL_INSTALLER\n";
		};
		3B433A0B31AD9CCA04F96002 /* Additional prebuild script */ = {
			isa = PBXShellScriptBuildPhase;
			buildActionMask = 2147483647;
			files = (
			);
			inputFileListPaths = (
			);
			inputPaths = (
			);
			name = "Additional prebuild script";
			outputFileListPaths = (
			);
			outputPaths = (
			);
			runOnlyForDeploymentPostprocessing = 0;
			shellPath = /bin/sh;
			shellScript = "echo 'DoSomething'";
		};
		441B3D054CBBDFFB300295CE /* Build with bazel */ = {
			isa = PBXShellScriptBuildPhase;
			buildActionMask = 2147483647;
			files = (
			);
			inputFileListPaths = (
			);
			inputPaths = (
			);
			name = "Build with bazel";
			outputFileListPaths = (
			);
			outputPaths = (
			);
			runOnlyForDeploymentPostprocessing = 0;
			shellPath = /bin/sh;
			shellScript = "\nset -euxo pipefail\ncd $BAZEL_WORKSPACE_ROOT\n\nexport BAZEL_DIAGNOSTICS_DIR=\"$BUILD_DIR/../../bazel-xcode-diagnostics/\"\nmkdir -p $BAZEL_DIAGNOSTICS_DIR\nexport DATE_SUFFIX=\"$(date +%Y%m%d.%H%M%S%L)\"\nexport BAZEL_BUILD_EVENT_TEXT_FILENAME=\"$BAZEL_DIAGNOSTICS_DIR/build-event-$DATE_SUFFIX.txt\"\nexport BAZEL_BUILD_EXECUTION_LOG_FILENAME=\"$BAZEL_DIAGNOSTICS_DIR/build-execution-log-$DATE_SUFFIX.log\"\nexport BAZEL_PROFILE_FILENAME=\"$BAZEL_DIAGNOSTICS_DIR/build-profile-$DATE_SUFFIX.log\"\nenv -u RUBYOPT -u RUBY_HOME -u GEM_HOME $BAZEL_BUILD_EXEC $BAZEL_BUILD_TARGET_LABEL\n$BAZEL_INSTALLER\n";
		};
		6B97A5E4C71241A7E5663415 /* Additional prebuild script */ = {
			isa = PBXShellScriptBuildPhase;
			buildActionMask = 2147483647;
			files = (
			);
			inputFileListPaths = (
			);
			inputPaths = (
			);
			name = "Additional prebuild script";
			outputFileListPaths = (
			);
			outputPaths = (
			);
			runOnlyForDeploymentPostprocessing = 0;
			shellPath = /bin/sh;
			shellScript = "echo 'DoSomething'";
		};
		B2DDCE2C0AD3E3A23F5B4FBA /* Additional prebuild script */ = {
			isa = PBXShellScriptBuildPhase;
			buildActionMask = 2147483647;
			files = (
			);
			inputFileListPaths = (
			);
			inputPaths = (
			);
			name = "Additional prebuild script";
			outputFileListPaths = (
			);
			outputPaths = (
			);
			runOnlyForDeploymentPostprocessing = 0;
			shellPath = /bin/sh;
			shellScript = "echo 'DoSomething'";
		};
		F2677FE8FD368EF6B1C4EF6C /* Additional prebuild script */ = {
			isa = PBXShellScriptBuildPhase;
			buildActionMask = 2147483647;
			files = (
			);
			inputFileListPaths = (
			);
			inputPaths = (
			);
			name = "Additional prebuild script";
			outputFileListPaths = (
			);
			outputPaths = (
			);
			runOnlyForDeploymentPostprocessing = 0;
			shellPath = /bin/sh;
			shellScript = "echo 'DoSomething'";
		};
/* End PBXShellScriptBuildPhase section */

/* Begin PBXSourcesBuildPhase section */
		1B85ED5C173B7F56A96907F7 /* Sources */ = {
			isa = PBXSourcesBuildPhase;
			buildActionMask = 2147483647;
			files = (
				F36936F846C5715D4E6EBD3A /* FW2.m in Sources */,
			);
			runOnlyForDeploymentPostprocessing = 0;
		};
		46F542BE26ED883391678F05 /* Sources */ = {
			isa = PBXSourcesBuildPhase;
			buildActionMask = 2147483647;
			files = (
				0C2828B7DC7B4E69B366BC8A /* OnlySources.m in Sources */,
			);
			runOnlyForDeploymentPostprocessing = 0;
		};
		56875D50FC8874DB2F370820 /* Sources */ = {
			isa = PBXSourcesBuildPhase;
			buildActionMask = 2147483647;
			files = (
				28E8AD5D130EBB1717A11D01 /* FW.m in Sources */,
			);
			runOnlyForDeploymentPostprocessing = 0;
		};
		AA34B8A096B506A101754BF0 /* Sources */ = {
			isa = PBXSourcesBuildPhase;
			buildActionMask = 2147483647;
			files = (
			);
			runOnlyForDeploymentPostprocessing = 0;
		};
		BECD4F6D399B1425F7F546DD /* Sources */ = {
			isa = PBXSourcesBuildPhase;
			buildActionMask = 2147483647;
			files = (
				289C7D0237A86E0EAC7C1390 /* main.m in Sources */,
			);
			runOnlyForDeploymentPostprocessing = 0;
		};
/* End PBXSourcesBuildPhase section */

/* Begin XCBuildConfiguration section */
		2175D93ED3B1E26DD41E8FB0 /* Release */ = {
			isa = XCBuildConfiguration;
			buildSettings = {
				BAZEL_BIN_SUBDIR = /tests/ios/app;
				BAZEL_BUILD_TARGET_LABEL = "tests/ios/app:FW";
				BAZEL_BUILD_TARGET_WORKSPACE = _main;
				BAZEL_LLDB_INIT_FILE = $CONFIGURATION_TEMP_DIR/FW.lldbinit;
				BAZEL_LLDB_SWIFT_EXTRA_CLANG_FLAGS = "";
				BAZEL_SWIFTMODULEFILES_TO_COPY = "";
				CLANG_ENABLE_MODULES = YES;
				CLANG_ENABLE_OBJC_ARC = YES;
				FRAMEWORK_SEARCH_PATHS = "$(PLATFORM_DIR)/Developer/Library/Frameworks";
				GCC_PREPROCESSOR_DEFINITIONS = "$(inherited)";
				HEADER_SEARCH_PATHS = "\"$BAZEL_WORKSPACE_ROOT/bazel-out/ios-x86_64-min10.0-applebin_ios-ios_x86_64-dbg-ST-3e1e434faca9/bin/tests/ios/app/FW_public_hmap.hmap\" \"$BAZEL_WORKSPACE_ROOT/bazel-out/ios-x86_64-min10.0-applebin_ios-ios_x86_64-dbg-ST-3e1e434faca9/bin/tests/ios/app/FW_private_hmap.hmap\" \"$BAZEL_WORKSPACE_ROOT/bazel-out/ios-x86_64-min10.0-applebin_ios-ios_x86_64-dbg-ST-3e1e434faca9/bin/tests/ios/app/FW_public_hmap.hmap\" \"$BAZEL_WORKSPACE_ROOT/bazel-out/ios-x86_64-min10.0-applebin_ios-ios_x86_64-dbg-ST-3e1e434faca9/bin/tests/ios/app/FW_private_hmap.hmap\" \"$BAZEL_WORKSPACE_ROOT/bazel-out/ios-x86_64-min10.0-applebin_ios-ios_x86_64-dbg-ST-3e1e434faca9/bin/tests/ios/app/FW_public_hmap.hmap\" \"$BAZEL_WORKSPACE_ROOT/bazel-out/ios-x86_64-min10.0-applebin_ios-ios_x86_64-dbg-ST-3e1e434faca9/bin/tests/ios/app/FW_private_hmap.hmap\" \"$BAZEL_WORKSPACE_ROOT\"";
				IPHONEOS_DEPLOYMENT_TARGET = 10.0;
				MACH_O_TYPE = staticlib;
				ONLY_ACTIVE_ARCH = YES;
				PRODUCT_NAME = FW;
				SWIFT_ACTIVE_COMPILATION_CONDITIONS = "\"$(inherited)\"";
			};
			name = Release;
		};
		2FE79C2D623122C2E308F31D /* Debug */ = {
			isa = XCBuildConfiguration;
			buildSettings = {
				BAZEL_BIN_SUBDIR = /tests/ios/app;
				BAZEL_BUILD_TARGET_LABEL = "tests/ios/app:App";
				BAZEL_BUILD_TARGET_WORKSPACE = _main;
				BAZEL_LLDB_INIT_FILE = $CONFIGURATION_TEMP_DIR/App.lldbinit;
				BAZEL_LLDB_SWIFT_EXTRA_CLANG_FLAGS = "";
				BAZEL_SWIFTMODULEFILES_TO_COPY = "";
				CLANG_ENABLE_MODULES = YES;
				CLANG_ENABLE_OBJC_ARC = YES;
				FRAMEWORK_SEARCH_PATHS = "$(PLATFORM_DIR)/Developer/Library/Frameworks \"$BAZEL_WORKSPACE_ROOT/bazel-out/ios-x86_64-min10.0-applebin_ios-ios_x86_64-dbg-ST-3e1e434faca9/bin/tests/ios/app/FW\" \"$BAZEL_WORKSPACE_ROOT/bazel-out/ios-x86_64-min10.0-applebin_ios-ios_x86_64-dbg-ST-3e1e434faca9/bin/tests/ios/app/FW2\" \"$BAZEL_WORKSPACE_ROOT/bazel-out/ios-x86_64-min10.0-applebin_ios-ios_x86_64-dbg-ST-3e1e434faca9/bin/tests/ios/app/OnlySources\"";
				GCC_PREPROCESSOR_DEFINITIONS = "$(inherited)";
				HEADER_SEARCH_PATHS = "\"$BAZEL_WORKSPACE_ROOT\"";
				INFOPLIST_FILE = "";
				IPHONEOS_DEPLOYMENT_TARGET = 10.0;
				MACH_O_TYPE = "$(inherited)";
				ONLY_ACTIVE_ARCH = YES;
				PRODUCT_BUNDLE_IDENTIFIER = com.example.app;
				PRODUCT_NAME = App;
				SWIFT_ACTIVE_COMPILATION_CONDITIONS = "\"$(inherited)\"";
				TARGETED_DEVICE_FAMILY = "1,2";
			};
			name = Debug;
		};
		4C52B35272B3D2E3354436AD /* Debug */ = {
			isa = XCBuildConfiguration;
			buildSettings = {
				BAZEL_BIN_SUBDIR = /tests/ios/app;
				BAZEL_BUILD_TARGET_LABEL = "tests/ios/app:FW";
				BAZEL_BUILD_TARGET_WORKSPACE = _main;
				BAZEL_LLDB_INIT_FILE = $CONFIGURATION_TEMP_DIR/FW.lldbinit;
				BAZEL_LLDB_SWIFT_EXTRA_CLANG_FLAGS = "";
				BAZEL_SWIFTMODULEFILES_TO_COPY = "";
				CLANG_ENABLE_MODULES = YES;
				CLANG_ENABLE_OBJC_ARC = YES;
				FRAMEWORK_SEARCH_PATHS = "$(PLATFORM_DIR)/Developer/Library/Frameworks";
				GCC_PREPROCESSOR_DEFINITIONS = "$(inherited)";
				HEADER_SEARCH_PATHS = "\"$BAZEL_WORKSPACE_ROOT/bazel-out/ios-x86_64-min10.0-applebin_ios-ios_x86_64-dbg-ST-3e1e434faca9/bin/tests/ios/app/FW_public_hmap.hmap\" \"$BAZEL_WORKSPACE_ROOT/bazel-out/ios-x86_64-min10.0-applebin_ios-ios_x86_64-dbg-ST-3e1e434faca9/bin/tests/ios/app/FW_private_hmap.hmap\" \"$BAZEL_WORKSPACE_ROOT/bazel-out/ios-x86_64-min10.0-applebin_ios-ios_x86_64-dbg-ST-3e1e434faca9/bin/tests/ios/app/FW_public_hmap.hmap\" \"$BAZEL_WORKSPACE_ROOT/bazel-out/ios-x86_64-min10.0-applebin_ios-ios_x86_64-dbg-ST-3e1e434faca9/bin/tests/ios/app/FW_private_hmap.hmap\" \"$BAZEL_WORKSPACE_ROOT/bazel-out/ios-x86_64-min10.0-applebin_ios-ios_x86_64-dbg-ST-3e1e434faca9/bin/tests/ios/app/FW_public_hmap.hmap\" \"$BAZEL_WORKSPACE_ROOT/bazel-out/ios-x86_64-min10.0-applebin_ios-ios_x86_64-dbg-ST-3e1e434faca9/bin/tests/ios/app/FW_private_hmap.hmap\" \"$BAZEL_WORKSPACE_ROOT\"";
				IPHONEOS_DEPLOYMENT_TARGET = 10.0;
				MACH_O_TYPE = staticlib;
				ONLY_ACTIVE_ARCH = YES;
				PRODUCT_NAME = FW;
				SWIFT_ACTIVE_COMPILATION_CONDITIONS = "\"$(inherited)\"";
			};
			name = Debug;
		};
		501B1BCBAAAAA0E7A0AD450D /* Debug */ = {
			isa = XCBuildConfiguration;
			buildSettings = {
				BAZEL_BIN_SUBDIR = /tests/ios/extensions;
				BAZEL_BUILD_TARGET_LABEL = "tests/ios/extensions:ExampleExtension";
				BAZEL_BUILD_TARGET_WORKSPACE = _main;
				BAZEL_LLDB_INIT_FILE = $CONFIGURATION_TEMP_DIR/ExampleExtension.lldbinit;
				BAZEL_LLDB_SWIFT_EXTRA_CLANG_FLAGS = "";
				BAZEL_SWIFTMODULEFILES_TO_COPY = "";
				CLANG_ENABLE_MODULES = YES;
				CLANG_ENABLE_OBJC_ARC = YES;
				FRAMEWORK_SEARCH_PATHS = "$(PLATFORM_DIR)/Developer/Library/Frameworks";
				GCC_PREPROCESSOR_DEFINITIONS = "$(inherited)";
				HEADER_SEARCH_PATHS = "\"$BAZEL_WORKSPACE_ROOT\"";
				INFOPLIST_FILE = "";
				IPHONEOS_DEPLOYMENT_TARGET = 10.0;
				MACH_O_TYPE = "$(inherited)";
				ONLY_ACTIVE_ARCH = YES;
				PRODUCT_BUNDLE_IDENTIFIER = "com.example.app.example-extension";
				PRODUCT_NAME = ExampleExtension;
				SWIFT_ACTIVE_COMPILATION_CONDITIONS = "\"$(inherited)\"";
				TARGETED_DEVICE_FAMILY = 1;
			};
			name = Debug;
		};
		6D68D78A1A0B40171D811AC0 /* Release */ = {
			isa = XCBuildConfiguration;
			buildSettings = {
				BAZEL_ADDITIONAL_BAZEL_BUILD_OPTIONS = "";
				BAZEL_ADDITIONAL_LLDB_SETTINGS = "";
				BAZEL_BUILD_EXEC = "$BAZEL_STUBS_DIR/build-wrapper";
				BAZEL_CONFIGS = (
				);
				BAZEL_EXECUTION_LOG_ENABLED = 0;
				BAZEL_INSTALLER = $BAZEL_INSTALLERS_DIR/installer;
				BAZEL_INSTALLERS_DIR = $PROJECT_FILE_PATH/bazelinstallers;
				BAZEL_OUTPUT_PROCESSOR = "$BAZEL_STUBS_DIR/output-processor.rb";
				BAZEL_PATH = bazelisk;
				BAZEL_PROFILE_ENABLED = 0;
				BAZEL_STUBS_DIR = $PROJECT_FILE_PATH/bazelstubs;
				BAZEL_WORKSPACE_ROOT = $SRCROOT/../../..;
				CC = "$BAZEL_STUBS_DIR/clang-stub";
				CLANG_ANALYZER_EXEC = $CC;
				CODE_SIGNING_ALLOWED = 0;
				CXX = $CC;
				DEBUG_INFORMATION_FORMAT = dwarf;
				DONT_RUN_SWIFT_STDLIB_TOOL = 1;
				FORCE_X86_SIM = 0;
				INDEX_DATA_STORE_DIR = "$(INDEX_DATA_STORE_DIR)";
				LD = "$BAZEL_STUBS_DIR/ld-stub";
				LIBTOOL = "$BAZEL_STUBS_DIR/ld-stub";
				OTHER_LDFLAGS = "-fuse-ld=$BAZEL_STUBS_DIR/ld-stub";
				SDKROOT = iphoneos;
				SWIFT_EXEC = "$BAZEL_STUBS_DIR/swiftc-stub";
				SWIFT_OBJC_INTERFACE_HEADER_NAME = "";
				SWIFT_USE_INTEGRATED_DRIVER = NO;
				SWIFT_VERSION = 5;
				USE_HEADERMAP = 0;
			};
			name = Release;
		};
		6F52F89642A701755E95B8A3 /* Release */ = {
			isa = XCBuildConfiguration;
			buildSettings = {
				BAZEL_BIN_SUBDIR = /tests/ios/app;
				BAZEL_BUILD_TARGET_LABEL = "tests/ios/app:App";
				BAZEL_BUILD_TARGET_WORKSPACE = _main;
				BAZEL_LLDB_INIT_FILE = $CONFIGURATION_TEMP_DIR/App.lldbinit;
				BAZEL_LLDB_SWIFT_EXTRA_CLANG_FLAGS = "";
				BAZEL_SWIFTMODULEFILES_TO_COPY = "";
				CLANG_ENABLE_MODULES = YES;
				CLANG_ENABLE_OBJC_ARC = YES;
				FRAMEWORK_SEARCH_PATHS = "$(PLATFORM_DIR)/Developer/Library/Frameworks \"$BAZEL_WORKSPACE_ROOT/bazel-out/ios-x86_64-min10.0-applebin_ios-ios_x86_64-dbg-ST-3e1e434faca9/bin/tests/ios/app/FW\" \"$BAZEL_WORKSPACE_ROOT/bazel-out/ios-x86_64-min10.0-applebin_ios-ios_x86_64-dbg-ST-3e1e434faca9/bin/tests/ios/app/FW2\" \"$BAZEL_WORKSPACE_ROOT/bazel-out/ios-x86_64-min10.0-applebin_ios-ios_x86_64-dbg-ST-3e1e434faca9/bin/tests/ios/app/OnlySources\"";
				GCC_PREPROCESSOR_DEFINITIONS = "$(inherited)";
				HEADER_SEARCH_PATHS = "\"$BAZEL_WORKSPACE_ROOT\"";
				INFOPLIST_FILE = "";
				IPHONEOS_DEPLOYMENT_TARGET = 10.0;
				MACH_O_TYPE = "$(inherited)";
				ONLY_ACTIVE_ARCH = YES;
				PRODUCT_BUNDLE_IDENTIFIER = com.example.app;
				PRODUCT_NAME = App;
				SWIFT_ACTIVE_COMPILATION_CONDITIONS = "\"$(inherited)\"";
				TARGETED_DEVICE_FAMILY = "1,2";
			};
			name = Release;
		};
		914AEF87CC83F49919654372 /* Debug */ = {
			isa = XCBuildConfiguration;
			buildSettings = {
				BAZEL_BIN_SUBDIR = /tests/ios/app;
				BAZEL_BUILD_TARGET_LABEL = "tests/ios/app:OnlySources";
				BAZEL_BUILD_TARGET_WORKSPACE = _main;
				BAZEL_LLDB_INIT_FILE = $CONFIGURATION_TEMP_DIR/OnlySources.lldbinit;
				BAZEL_LLDB_SWIFT_EXTRA_CLANG_FLAGS = "";
				BAZEL_SWIFTMODULEFILES_TO_COPY = "";
				CLANG_ENABLE_MODULES = YES;
				CLANG_ENABLE_OBJC_ARC = YES;
				FRAMEWORK_SEARCH_PATHS = "$(PLATFORM_DIR)/Developer/Library/Frameworks";
				GCC_PREPROCESSOR_DEFINITIONS = "$(inherited)";
				HEADER_SEARCH_PATHS = "\"$BAZEL_WORKSPACE_ROOT/bazel-out/ios-x86_64-min10.0-applebin_ios-ios_x86_64-dbg-ST-3e1e434faca9/bin/tests/ios/app/OnlySources_public_hmap.hmap\" \"$BAZEL_WORKSPACE_ROOT\"";
				IPHONEOS_DEPLOYMENT_TARGET = 10.0;
				MACH_O_TYPE = staticlib;
				ONLY_ACTIVE_ARCH = YES;
				PRODUCT_NAME = OnlySources;
				SWIFT_ACTIVE_COMPILATION_CONDITIONS = "\"$(inherited)\"";
			};
			name = Debug;
		};
		A81968EBC44B10CE29775729 /* Debug */ = {
			isa = XCBuildConfiguration;
			buildSettings = {
				BAZEL_ADDITIONAL_BAZEL_BUILD_OPTIONS = "";
				BAZEL_ADDITIONAL_LLDB_SETTINGS = "";
				BAZEL_BUILD_EXEC = "$BAZEL_STUBS_DIR/build-wrapper";
				BAZEL_CONFIGS = (
				);
				BAZEL_EXECUTION_LOG_ENABLED = 0;
				BAZEL_INSTALLER = $BAZEL_INSTALLERS_DIR/installer;
				BAZEL_INSTALLERS_DIR = $PROJECT_FILE_PATH/bazelinstallers;
				BAZEL_OUTPUT_PROCESSOR = "$BAZEL_STUBS_DIR/output-processor.rb";
				BAZEL_PATH = bazelisk;
				BAZEL_PROFILE_ENABLED = 0;
				BAZEL_STUBS_DIR = $PROJECT_FILE_PATH/bazelstubs;
				BAZEL_WORKSPACE_ROOT = $SRCROOT/../../..;
				CC = "$BAZEL_STUBS_DIR/clang-stub";
				CLANG_ANALYZER_EXEC = $CC;
				CODE_SIGNING_ALLOWED = 0;
				CXX = $CC;
				DEBUG_INFORMATION_FORMAT = dwarf;
				DONT_RUN_SWIFT_STDLIB_TOOL = 1;
				FORCE_X86_SIM = 0;
				GCC_PREPROCESSOR_DEFINITIONS = DEBUG;
				INDEX_DATA_STORE_DIR = "$(INDEX_DATA_STORE_DIR)";
				LD = "$BAZEL_STUBS_DIR/ld-stub";
				LIBTOOL = "$BAZEL_STUBS_DIR/ld-stub";
				OTHER_LDFLAGS = "-fuse-ld=$BAZEL_STUBS_DIR/ld-stub";
				SDKROOT = iphoneos;
				SWIFT_ACTIVE_COMPILATION_CONDITIONS = DEBUG;
				SWIFT_EXEC = "$BAZEL_STUBS_DIR/swiftc-stub";
				SWIFT_OBJC_INTERFACE_HEADER_NAME = "";
				SWIFT_USE_INTEGRATED_DRIVER = NO;
				SWIFT_VERSION = 5;
				USE_HEADERMAP = 0;
			};
			name = Debug;
		};
		C4B16830674133688C1B1302 /* Release */ = {
			isa = XCBuildConfiguration;
			buildSettings = {
				BAZEL_BIN_SUBDIR = /tests/ios/app;
				BAZEL_BUILD_TARGET_LABEL = "tests/ios/app:OnlySources";
				BAZEL_BUILD_TARGET_WORKSPACE = _main;
				BAZEL_LLDB_INIT_FILE = $CONFIGURATION_TEMP_DIR/OnlySources.lldbinit;
				BAZEL_LLDB_SWIFT_EXTRA_CLANG_FLAGS = "";
				BAZEL_SWIFTMODULEFILES_TO_COPY = "";
				CLANG_ENABLE_MODULES = YES;
				CLANG_ENABLE_OBJC_ARC = YES;
				FRAMEWORK_SEARCH_PATHS = "$(PLATFORM_DIR)/Developer/Library/Frameworks";
				GCC_PREPROCESSOR_DEFINITIONS = "$(inherited)";
				HEADER_SEARCH_PATHS = "\"$BAZEL_WORKSPACE_ROOT/bazel-out/ios-x86_64-min10.0-applebin_ios-ios_x86_64-dbg-ST-3e1e434faca9/bin/tests/ios/app/OnlySources_public_hmap.hmap\" \"$BAZEL_WORKSPACE_ROOT\"";
				IPHONEOS_DEPLOYMENT_TARGET = 10.0;
				MACH_O_TYPE = staticlib;
				ONLY_ACTIVE_ARCH = YES;
				PRODUCT_NAME = OnlySources;
				SWIFT_ACTIVE_COMPILATION_CONDITIONS = "\"$(inherited)\"";
			};
			name = Release;
		};
		C4D72252204213FC009D287B /* Release */ = {
			isa = XCBuildConfiguration;
			buildSettings = {
				BAZEL_BIN_SUBDIR = /tests/ios/app;
				BAZEL_BUILD_TARGET_LABEL = "tests/ios/app:FW2";
				BAZEL_BUILD_TARGET_WORKSPACE = _main;
				BAZEL_LLDB_INIT_FILE = $CONFIGURATION_TEMP_DIR/FW2.lldbinit;
				BAZEL_LLDB_SWIFT_EXTRA_CLANG_FLAGS = "";
				BAZEL_SWIFTMODULEFILES_TO_COPY = "";
				CLANG_ENABLE_MODULES = YES;
				CLANG_ENABLE_OBJC_ARC = YES;
				FRAMEWORK_SEARCH_PATHS = "$(PLATFORM_DIR)/Developer/Library/Frameworks \"$BAZEL_WORKSPACE_ROOT/bazel-out/ios-x86_64-min10.0-applebin_ios-ios_x86_64-dbg-ST-3e1e434faca9/bin/tests/ios/app/FW\" \"$BAZEL_WORKSPACE_ROOT/bazel-out/ios-x86_64-min10.0-applebin_ios-ios_x86_64-dbg-ST-3e1e434faca9/bin/tests/ios/app/FW\"";
				GCC_PREPROCESSOR_DEFINITIONS = "$(inherited)";
				HEADER_SEARCH_PATHS = "\"$BAZEL_WORKSPACE_ROOT/bazel-out/ios-x86_64-min10.0-applebin_ios-ios_x86_64-dbg-ST-3e1e434faca9/bin/tests/ios/app/FW2_public_hmap.hmap\" \"$BAZEL_WORKSPACE_ROOT/bazel-out/ios-x86_64-min10.0-applebin_ios-ios_x86_64-dbg-ST-3e1e434faca9/bin/tests/ios/app/FW2_public_hmap.hmap\" \"$BAZEL_WORKSPACE_ROOT\"";
				IPHONEOS_DEPLOYMENT_TARGET = 10.0;
				MACH_O_TYPE = staticlib;
				ONLY_ACTIVE_ARCH = YES;
				PRODUCT_NAME = FW2;
				SWIFT_ACTIVE_COMPILATION_CONDITIONS = "\"$(inherited)\"";
			};
			name = Release;
		};
		CAC27267AED70FFC3E8B34F3 /* Debug */ = {
			isa = XCBuildConfiguration;
			buildSettings = {
				BAZEL_BIN_SUBDIR = /tests/ios/app;
				BAZEL_BUILD_TARGET_LABEL = "tests/ios/app:FW2";
				BAZEL_BUILD_TARGET_WORKSPACE = _main;
				BAZEL_LLDB_INIT_FILE = $CONFIGURATION_TEMP_DIR/FW2.lldbinit;
				BAZEL_LLDB_SWIFT_EXTRA_CLANG_FLAGS = "";
				BAZEL_SWIFTMODULEFILES_TO_COPY = "";
				CLANG_ENABLE_MODULES = YES;
				CLANG_ENABLE_OBJC_ARC = YES;
				FRAMEWORK_SEARCH_PATHS = "$(PLATFORM_DIR)/Developer/Library/Frameworks \"$BAZEL_WORKSPACE_ROOT/bazel-out/ios-x86_64-min10.0-applebin_ios-ios_x86_64-dbg-ST-3e1e434faca9/bin/tests/ios/app/FW\" \"$BAZEL_WORKSPACE_ROOT/bazel-out/ios-x86_64-min10.0-applebin_ios-ios_x86_64-dbg-ST-3e1e434faca9/bin/tests/ios/app/FW\"";
				GCC_PREPROCESSOR_DEFINITIONS = "$(inherited)";
				HEADER_SEARCH_PATHS = "\"$BAZEL_WORKSPACE_ROOT/bazel-out/ios-x86_64-min10.0-applebin_ios-ios_x86_64-dbg-ST-3e1e434faca9/bin/tests/ios/app/FW2_public_hmap.hmap\" \"$BAZEL_WORKSPACE_ROOT/bazel-out/ios-x86_64-min10.0-applebin_ios-ios_x86_64-dbg-ST-3e1e434faca9/bin/tests/ios/app/FW2_public_hmap.hmap\" \"$BAZEL_WORKSPACE_ROOT\"";
				IPHONEOS_DEPLOYMENT_TARGET = 10.0;
				MACH_O_TYPE = staticlib;
				ONLY_ACTIVE_ARCH = YES;
				PRODUCT_NAME = FW2;
				SWIFT_ACTIVE_COMPILATION_CONDITIONS = "\"$(inherited)\"";
			};
			name = Debug;
		};
		E20A996D1743ABD3C7B888BE /* Release */ = {
			isa = XCBuildConfiguration;
			buildSettings = {
				BAZEL_BIN_SUBDIR = /tests/ios/extensions;
				BAZEL_BUILD_TARGET_LABEL = "tests/ios/extensions:ExampleExtension";
				BAZEL_BUILD_TARGET_WORKSPACE = _main;
				BAZEL_LLDB_INIT_FILE = $CONFIGURATION_TEMP_DIR/ExampleExtension.lldbinit;
				BAZEL_LLDB_SWIFT_EXTRA_CLANG_FLAGS = "";
				BAZEL_SWIFTMODULEFILES_TO_COPY = "";
				CLANG_ENABLE_MODULES = YES;
				CLANG_ENABLE_OBJC_ARC = YES;
				FRAMEWORK_SEARCH_PATHS = "$(PLATFORM_DIR)/Developer/Library/Frameworks";
				GCC_PREPROCESSOR_DEFINITIONS = "$(inherited)";
				HEADER_SEARCH_PATHS = "\"$BAZEL_WORKSPACE_ROOT\"";
				INFOPLIST_FILE = "";
				IPHONEOS_DEPLOYMENT_TARGET = 10.0;
				MACH_O_TYPE = "$(inherited)";
				ONLY_ACTIVE_ARCH = YES;
				PRODUCT_BUNDLE_IDENTIFIER = "com.example.app.example-extension";
				PRODUCT_NAME = ExampleExtension;
				SWIFT_ACTIVE_COMPILATION_CONDITIONS = "\"$(inherited)\"";
				TARGETED_DEVICE_FAMILY = 1;
			};
			name = Release;
		};
/* End XCBuildConfiguration section */

/* Begin XCConfigurationList section */
		03403E26CE914137E89B1D39 /* Build configuration list for PBXNativeTarget "OnlySources" */ = {
			isa = XCConfigurationList;
			buildConfigurations = (
				914AEF87CC83F49919654372 /* Debug */,
				C4B16830674133688C1B1302 /* Release */,
			);
			defaultConfigurationIsVisible = 0;
			defaultConfigurationName = Debug;
		};
		21EB4709B4812CB35AE178FE /* Build configuration list for PBXNativeTarget "ExampleExtension" */ = {
			isa = XCConfigurationList;
			buildConfigurations = (
				501B1BCBAAAAA0E7A0AD450D /* Debug */,
				E20A996D1743ABD3C7B888BE /* Release */,
			);
			defaultConfigurationIsVisible = 0;
			defaultConfigurationName = Debug;
		};
		21F33003E16EE54C5D729E26 /* Build configuration list for PBXProject "Test-With-Host-App-With-AdditionalPrebuildScript" */ = {
			isa = XCConfigurationList;
			buildConfigurations = (
				A81968EBC44B10CE29775729 /* Debug */,
				6D68D78A1A0B40171D811AC0 /* Release */,
			);
			defaultConfigurationIsVisible = 0;
			defaultConfigurationName = Debug;
		};
		8335E6DC2E91161C1120295A /* Build configuration list for PBXNativeTarget "FW2" */ = {
			isa = XCConfigurationList;
			buildConfigurations = (
				CAC27267AED70FFC3E8B34F3 /* Debug */,
				C4D72252204213FC009D287B /* Release */,
			);
			defaultConfigurationIsVisible = 0;
			defaultConfigurationName = Debug;
		};
		A02F111AE9B300EAE7F7456F /* Build configuration list for PBXNativeTarget "FW" */ = {
			isa = XCConfigurationList;
			buildConfigurations = (
				4C52B35272B3D2E3354436AD /* Debug */,
				2175D93ED3B1E26DD41E8FB0 /* Release */,
			);
			defaultConfigurationIsVisible = 0;
			defaultConfigurationName = Debug;
		};
		A941210B9571F1A0442B32EC /* Build configuration list for PBXNativeTarget "App" */ = {
			isa = XCConfigurationList;
			buildConfigurations = (
				2FE79C2D623122C2E308F31D /* Debug */,
				6F52F89642A701755E95B8A3 /* Release */,
			);
			defaultConfigurationIsVisible = 0;
			defaultConfigurationName = Debug;
		};
/* End XCConfigurationList section */
	};
	rootObject = D65D8815D1B0DEC0C56D09A7 /* Project object */;
}
