// !$*UTF8*$!
{
	archiveVersion = 1;
	classes = {
	};
	objectVersion = 51;
	objects = {

/* Begin PBXBuildFile section */
		4D9FC7A3A45FAD1826CE314F /* main.m in Sources */ = {isa = PBXBuildFile; fileRef = 3ECF1D7133544DD5E82A3EB0 /* main.m */; };
		8B8703078ED965C24F7DFC6D /* main.m in Sources */ = {isa = PBXBuildFile; fileRef = 211B0D62D65A5D8BEFE42153 /* main.m */; };
		9C997105C8FCCC97A52F3C37 /* test.swift in Sources */ = {isa = PBXBuildFile; fileRef = 5EF21FC7C23005F0603AD4F0 /* test.swift */; };
		A92FEA9E7CEAA5C1D707216B /* test.m in Sources */ = {isa = PBXBuildFile; fileRef = EC2BF9F658BA7B0FF93BA215 /* test.m */; };
		C61986BF5CBA4DAEAF33BE91 /* empty.m in Sources */ = {isa = PBXBuildFile; fileRef = 018DA4ABD245EA72FEA9BA46 /* empty.m */; };
		C6B1D1CBC7730A53A2C04E0D /* empty.swift in Sources */ = {isa = PBXBuildFile; fileRef = 6B5478D8BA2BE2A548270A80 /* empty.swift */; };
		C95405553A2746A500C5E3E6 /* testhelper.m in Sources */ = {isa = PBXBuildFile; fileRef = 4BF0C0F5D81C125CD2559615 /* testhelper.m */; };
		E676560B3EE63A86606530C8 /* empty.swift in Sources */ = {isa = PBXBuildFile; fileRef = A5AC323968F3E7DC9BAFEC85 /* empty.swift */; };
/* End PBXBuildFile section */

/* Begin PBXContainerItemProxy section */
		1DC2C8510A05B48300816294 /* PBXContainerItemProxy */ = {
			isa = PBXContainerItemProxy;
			containerPortal = 0D82F964E7A8A27136301FFF /* Project object */;
			proxyType = 1;
			remoteGlobalIDString = 1ECB59A3C8C905569C62BCE7;
			remoteInfo = "TestImports-App";
		};
		78CCC3248A576BED58D23977 /* PBXContainerItemProxy */ = {
			isa = PBXContainerItemProxy;
			containerPortal = 0D82F964E7A8A27136301FFF /* Project object */;
			proxyType = 1;
			remoteGlobalIDString = 7B42EBEE80E70A0FA637B11B;
			remoteInfo = "iOS-10.0-AppHost";
		};
/* End PBXContainerItemProxy section */

/* Begin PBXFileReference section */
		0052687FF99FFC1CF0644A94 /* iOS-10.0-AppHost.app */ = {isa = PBXFileReference; includeInIndex = 0; lastKnownFileType = wrapper.application; path = "iOS-10.0-AppHost.app"; sourceTree = BUILT_PRODUCTS_DIR; };
		018DA4ABD245EA72FEA9BA46 /* empty.m */ = {isa = PBXFileReference; lastKnownFileType = sourcecode.c.objc; path = empty.m; sourceTree = "<group>"; };
		0A3BB7488A9B93655A5A80A7 /* TestModelMapping.xcmappingmodel */ = {isa = PBXFileReference; lastKnownFileType = wrapper.xcmappingmodel; path = TestModelMapping.xcmappingmodel; sourceTree = "<group>"; };
		0DEBE921687BED0630F2E803 /* common.pch */ = {isa = PBXFileReference; lastKnownFileType = sourcecode.c.h; path = common.pch; sourceTree = "<group>"; };
		1AC28A58E3C7738C108353BE /* DefaultHosted.xctest */ = {isa = PBXFileReference; includeInIndex = 0; lastKnownFileType = wrapper.cfbundle; path = DefaultHosted.xctest; sourceTree = BUILT_PRODUCTS_DIR; };
		211B0D62D65A5D8BEFE42153 /* main.m */ = {isa = PBXFileReference; lastKnownFileType = sourcecode.c.objc; path = main.m; sourceTree = "<group>"; };
		3CCFF4E96CDD4C2949F0F71A /* Header2.h */ = {isa = PBXFileReference; lastKnownFileType = sourcecode.c.h; path = Header2.h; sourceTree = "<group>"; };
		3ECF1D7133544DD5E82A3EB0 /* main.m */ = {isa = PBXFileReference; lastKnownFileType = sourcecode.c.objc; path = main.m; sourceTree = "<group>"; };
		4BF0C0F5D81C125CD2559615 /* testhelper.m */ = {isa = PBXFileReference; lastKnownFileType = sourcecode.c.objc; path = testhelper.m; sourceTree = "<group>"; };
		4DACF9F33F414B6BED4E227B /* testhelper.h */ = {isa = PBXFileReference; lastKnownFileType = sourcecode.c.h; path = testhelper.h; sourceTree = "<group>"; };
		57D04511C7357979F7EB5058 /* TestModel.xcdatamodel */ = {isa = PBXFileReference; lastKnownFileType = wrapper.xcdatamodel; path = TestModel.xcdatamodel; sourceTree = "<group>"; };
		5BE4EAFF6C0B54947E66B439 /* ios.entitlements */ = {isa = PBXFileReference; lastKnownFileType = text.plist.entitlements; path = ios.entitlements; sourceTree = "<group>"; };
		5EF21FC7C23005F0603AD4F0 /* test.swift */ = {isa = PBXFileReference; lastKnownFileType = sourcecode.swift; path = test.swift; sourceTree = "<group>"; };
		61CE3CBBAD0BFAFC0953377B /* TestImports-App.app */ = {isa = PBXFileReference; includeInIndex = 0; lastKnownFileType = wrapper.application; path = "TestImports-App.app"; sourceTree = BUILT_PRODUCTS_DIR; };
		6B5478D8BA2BE2A548270A80 /* empty.swift */ = {isa = PBXFileReference; lastKnownFileType = sourcecode.swift; path = empty.swift; sourceTree = "<group>"; };
		6B9EC009A2921D74329BE9EA /* BUILD.bazel */ = {isa = PBXFileReference; path = BUILD.bazel; sourceTree = "<group>"; };
		6E1E57A5D2E549D270B1B1A7 /* resource_bundle.plist */ = {isa = PBXFileReference; lastKnownFileType = text.plist; path = resource_bundle.plist; sourceTree = "<group>"; };
		6F61436FF5DC80B583273E47 /* TestImports-Unit-Tests-Bridging-Header.h */ = {isa = PBXFileReference; lastKnownFileType = sourcecode.c.h; path = "TestImports-Unit-Tests-Bridging-Header.h"; sourceTree = "<group>"; };
		8BBBE8333A9A3A09CEFFD917 /* Images.xcassets */ = {isa = PBXFileReference; lastKnownFileType = folder.assetcatalog; path = Images.xcassets; sourceTree = "<group>"; };
		9683E3E05D116FBB2D85DC23 /* TestImports-App-Bridging-Header.h */ = {isa = PBXFileReference; lastKnownFileType = sourcecode.c.h; path = "TestImports-App-Bridging-Header.h"; sourceTree = "<group>"; };
		9E7E8177A9991D407C446EF6 /* TestImports-Unit-Tests.xctest */ = {isa = PBXFileReference; includeInIndex = 0; lastKnownFileType = wrapper.cfbundle; path = "TestImports-Unit-Tests.xctest"; sourceTree = BUILT_PRODUCTS_DIR; };
		A038F6999FF698D9E7E393F6 /* BUILD.bazel */ = {isa = PBXFileReference; path = BUILD.bazel; sourceTree = "<group>"; };
		A5AC323968F3E7DC9BAFEC85 /* empty.swift */ = {isa = PBXFileReference; lastKnownFileType = sourcecode.swift; path = empty.swift; sourceTree = "<group>"; };
		AF7BF530BE9F3ED2CB34B356 /* BUILD.bazel */ = {isa = PBXFileReference; path = BUILD.bazel; sourceTree = "<group>"; };
		BE18C5CC5D69DC93C244A788 /* TestModel2.xcdatamodel */ = {isa = PBXFileReference; lastKnownFileType = wrapper.xcdatamodel; path = TestModel2.xcdatamodel; sourceTree = "<group>"; };
		BFBF7DC447A9E302E7E2946B /* Images.xcassets */ = {isa = PBXFileReference; lastKnownFileType = folder.assetcatalog; path = Images.xcassets; sourceTree = "<group>"; };
		C3241F917953C6BD1D2BE62A /* BUILD.bazel */ = {isa = PBXFileReference; path = BUILD.bazel; sourceTree = "<group>"; };
		D08289E7727590A63B67489C /* Header.h */ = {isa = PBXFileReference; lastKnownFileType = sourcecode.c.h; path = Header.h; sourceTree = "<group>"; };
		D229E599DDBCC713FF997122 /* TestStickers.xcstickers */ = {isa = PBXFileReference; lastKnownFileType = folder.stickers; path = TestStickers.xcstickers; sourceTree = "<group>"; };
		EC2BF9F658BA7B0FF93BA215 /* test.m */ = {isa = PBXFileReference; lastKnownFileType = sourcecode.c.objc; path = test.m; sourceTree = "<group>"; };
/* End PBXFileReference section */

/* Begin PBXGroup section */
		06B23FF0DFF8BD111D851949 /* ios */ = {
			isa = PBXGroup;
			children = (
				64B768958760ECC68D48BCA8 /* unit-test */,
			);
			path = ios;
			sourceTree = "<group>";
		};
		086FBDD761E762B1598CC05E /* test_host_app */ = {
			isa = PBXGroup;
			children = (
				C3241F917953C6BD1D2BE62A /* BUILD.bazel */,
				5BE4EAFF6C0B54947E66B439 /* ios.entitlements */,
				211B0D62D65A5D8BEFE42153 /* main.m */,
			);
			path = test_host_app;
			sourceTree = "<group>";
		};
		12AC35FA4ADBC321A4E27AFC /* tests */ = {
			isa = PBXGroup;
			children = (
				06B23FF0DFF8BD111D851949 /* ios */,
			);
			path = tests;
			sourceTree = "<group>";
		};
		41BE2FF5579DA46E599A01EC /* Products */ = {
			isa = PBXGroup;
			children = (
				1AC28A58E3C7738C108353BE /* DefaultHosted.xctest */,
				0052687FF99FFC1CF0644A94 /* iOS-10.0-AppHost.app */,
				61CE3CBBAD0BFAFC0953377B /* TestImports-App.app */,
				9E7E8177A9991D407C446EF6 /* TestImports-Unit-Tests.xctest */,
			);
			name = Products;
			sourceTree = "<group>";
		};
		53A1C0AA09C71D538BA9031C /* Resources2 */ = {
			isa = PBXGroup;
			children = (
				BFBF7DC447A9E302E7E2946B /* Images.xcassets */,
			);
			path = Resources2;
			sourceTree = "<group>";
		};
		64B768958760ECC68D48BCA8 /* unit-test */ = {
			isa = PBXGroup;
			children = (
				A038F6999FF698D9E7E393F6 /* BUILD.bazel */,
				018DA4ABD245EA72FEA9BA46 /* empty.m */,
				6B5478D8BA2BE2A548270A80 /* empty.swift */,
				9D68117D7BA652584708D01D /* test-imports-app */,
			);
			path = "unit-test";
			sourceTree = "<group>";
		};
		7CECA2AB833A306EC3500168 = {
			isa = PBXGroup;
			children = (
				EEFB98134D768549E03E39A5 /* build_bazel_rules_ios */,
				41BE2FF5579DA46E599A01EC /* Products */,
			);
			sourceTree = "<group>";
		};
		9D68117D7BA652584708D01D /* test-imports-app */ = {
			isa = PBXGroup;
			children = (
				AF7BF530BE9F3ED2CB34B356 /* BUILD.bazel */,
				A5AC323968F3E7DC9BAFEC85 /* empty.swift */,
				D08289E7727590A63B67489C /* Header.h */,
				3CCFF4E96CDD4C2949F0F71A /* Header2.h */,
				3ECF1D7133544DD5E82A3EB0 /* main.m */,
				DC21B9839449D8D9195E4A22 /* Resources */,
				EC2BF9F658BA7B0FF93BA215 /* test.m */,
				5EF21FC7C23005F0603AD4F0 /* test.swift */,
				4DACF9F33F414B6BED4E227B /* testhelper.h */,
				4BF0C0F5D81C125CD2559615 /* testhelper.m */,
				9683E3E05D116FBB2D85DC23 /* TestImports-App-Bridging-Header.h */,
				6F61436FF5DC80B583273E47 /* TestImports-Unit-Tests-Bridging-Header.h */,
			);
			path = "test-imports-app";
			sourceTree = "<group>";
		};
		B0B40062B117F993E7D160D6 /* rules */ = {
			isa = PBXGroup;
			children = (
				E58B9C8B7E68050BE38EEF27 /* library */,
				086FBDD761E762B1598CC05E /* test_host_app */,
			);
			path = rules;
			sourceTree = "<group>";
		};
		DC21B9839449D8D9195E4A22 /* Resources */ = {
			isa = PBXGroup;
			children = (
				8BBBE8333A9A3A09CEFFD917 /* Images.xcassets */,
				53A1C0AA09C71D538BA9031C /* Resources2 */,
				57D04511C7357979F7EB5058 /* TestModel.xcdatamodel */,
				BE18C5CC5D69DC93C244A788 /* TestModel2.xcdatamodel */,
				0A3BB7488A9B93655A5A80A7 /* TestModelMapping.xcmappingmodel */,
				D229E599DDBCC713FF997122 /* TestStickers.xcstickers */,
			);
			path = Resources;
			sourceTree = "<group>";
		};
		E58B9C8B7E68050BE38EEF27 /* library */ = {
			isa = PBXGroup;
			children = (
				0DEBE921687BED0630F2E803 /* common.pch */,
				6E1E57A5D2E549D270B1B1A7 /* resource_bundle.plist */,
			);
			path = library;
			sourceTree = "<group>";
		};
		EEFB98134D768549E03E39A5 /* build_bazel_rules_ios */ = {
			isa = PBXGroup;
			children = (
				6B9EC009A2921D74329BE9EA /* BUILD.bazel */,
				B0B40062B117F993E7D160D6 /* rules */,
				12AC35FA4ADBC321A4E27AFC /* tests */,
			);
			name = build_bazel_rules_ios;
			path = ../../..;
			sourceTree = "<group>";
		};
/* End PBXGroup section */

/* Begin PBXNativeTarget section */
		1ECB59A3C8C905569C62BCE7 /* TestImports-App */ = {
			isa = PBXNativeTarget;
			buildConfigurationList = C5F485B930E4C6EAB1E71482 /* Build configuration list for PBXNativeTarget "TestImports-App" */;
			buildPhases = (
				3D60A491CE72F7D799EC0383 /* Build with bazel */,
				30D6283F065DDEDCF32C8E92 /* Sources */,
			);
			buildRules = (
			);
			dependencies = (
			);
			name = "TestImports-App";
			productName = "TestImports-App";
			productReference = 61CE3CBBAD0BFAFC0953377B /* TestImports-App.app */;
			productType = "com.apple.product-type.application";
		};
		20A37CC084B553DAC3470E18 /* DefaultHosted */ = {
			isa = PBXNativeTarget;
			buildConfigurationList = A5C34E19D5BE5E6D9373D9D0 /* Build configuration list for PBXNativeTarget "DefaultHosted" */;
			buildPhases = (
				6DBC122A6C2C8B5D5805E16D /* Build with bazel */,
				17D1A00F4E8DB77A4AD36F1D /* Sources */,
			);
			buildRules = (
			);
			dependencies = (
				16E0AEE91BD6B2AE076ACA19 /* PBXTargetDependency */,
			);
			name = DefaultHosted;
			productName = DefaultHosted;
			productReference = 1AC28A58E3C7738C108353BE /* DefaultHosted.xctest */;
			productType = "com.apple.product-type.bundle.unit-test";
		};
		5BB71AB936CCD5BDF68DE298 /* TestImports-Unit-Tests */ = {
			isa = PBXNativeTarget;
			buildConfigurationList = F0538BC388B2DD5C72F37AB3 /* Build configuration list for PBXNativeTarget "TestImports-Unit-Tests" */;
			buildPhases = (
				19A4B8C69447F2F704F1B796 /* Build with bazel */,
				13A44690EFFE5A0ED1A9F01A /* Sources */,
			);
			buildRules = (
			);
			dependencies = (
				FFCD8F4448902A3D0CB74E5D /* PBXTargetDependency */,
			);
			name = "TestImports-Unit-Tests";
			productName = "TestImports-Unit-Tests";
			productReference = 9E7E8177A9991D407C446EF6 /* TestImports-Unit-Tests.xctest */;
			productType = "com.apple.product-type.bundle.unit-test";
		};
		7B42EBEE80E70A0FA637B11B /* iOS-10.0-AppHost */ = {
			isa = PBXNativeTarget;
			buildConfigurationList = D271C4107BA3CC290E3ADC7A /* Build configuration list for PBXNativeTarget "iOS-10.0-AppHost" */;
			buildPhases = (
				2756FB505F15157D82C9069E /* Build with bazel */,
				E265310E6F7A2ECBA4E7785F /* Sources */,
			);
			buildRules = (
			);
			dependencies = (
			);
			name = "iOS-10.0-AppHost";
			productName = "iOS-10.0-AppHost";
			productReference = 0052687FF99FFC1CF0644A94 /* iOS-10.0-AppHost.app */;
			productType = "com.apple.product-type.application";
		};
/* End PBXNativeTarget section */

/* Begin PBXProject section */
		0D82F964E7A8A27136301FFF /* Project object */ = {
			isa = PBXProject;
			attributes = {
				LastUpgradeCheck = 1200;
				TargetAttributes = {
				};
			};
			buildConfigurationList = 925C7EC36E5BD69BB75B98CD /* Build configuration list for PBXProject "Test-Target-With-Test-Host-Project" */;
			compatibilityVersion = "Xcode 10.0";
			developmentRegion = en;
			hasScannedForEncodings = 0;
			knownRegions = (
				Base,
				en,
			);
			mainGroup = 7CECA2AB833A306EC3500168;
			projectDirPath = "";
			projectRoot = "";
			targets = (
				20A37CC084B553DAC3470E18 /* DefaultHosted */,
				1ECB59A3C8C905569C62BCE7 /* TestImports-App */,
				5BB71AB936CCD5BDF68DE298 /* TestImports-Unit-Tests */,
				7B42EBEE80E70A0FA637B11B /* iOS-10.0-AppHost */,
			);
		};
/* End PBXProject section */

/* Begin PBXShellScriptBuildPhase section */
		19A4B8C69447F2F704F1B796 /* Build with bazel */ = {
			isa = PBXShellScriptBuildPhase;
			buildActionMask = 2147483647;
			files = (
			);
			inputFileListPaths = (
			);
			inputPaths = (
			);
			name = "Build with bazel";
			outputFileListPaths = (
			);
			outputPaths = (
			);
			runOnlyForDeploymentPostprocessing = 0;
			shellPath = /bin/sh;
			shellScript = "\nset -euxo pipefail\ncd $BAZEL_WORKSPACE_ROOT\n\nexport BAZEL_DIAGNOSTICS_DIR=\"$BUILD_DIR/../../bazel-xcode-diagnostics/\"\nmkdir -p $BAZEL_DIAGNOSTICS_DIR\nexport DATE_SUFFIX=\"$(date +%Y%m%d.%H%M%S%L)\"\nexport BAZEL_BUILD_EVENT_TEXT_FILENAME=\"$BAZEL_DIAGNOSTICS_DIR/build-event-$DATE_SUFFIX.txt\"\nexport BAZEL_BUILD_EXECUTION_LOG_FILENAME=\"$BAZEL_DIAGNOSTICS_DIR/build-execution-log-$DATE_SUFFIX.log\"\nexport BAZEL_PROFILE_FILENAME=\"$BAZEL_DIAGNOSTICS_DIR/build-profile-$DATE_SUFFIX.log\"\nenv -u RUBYOPT -u RUBY_HOME -u GEM_HOME $BAZEL_BUILD_EXEC $BAZEL_BUILD_TARGET_LABEL\n$BAZEL_INSTALLER\n";
		};
		2756FB505F15157D82C9069E /* Build with bazel */ = {
			isa = PBXShellScriptBuildPhase;
			buildActionMask = 2147483647;
			files = (
			);
			inputFileListPaths = (
			);
			inputPaths = (
			);
			name = "Build with bazel";
			outputFileListPaths = (
			);
			outputPaths = (
			);
			runOnlyForDeploymentPostprocessing = 0;
			shellPath = /bin/sh;
			shellScript = "\nset -euxo pipefail\ncd $BAZEL_WORKSPACE_ROOT\n\nexport BAZEL_DIAGNOSTICS_DIR=\"$BUILD_DIR/../../bazel-xcode-diagnostics/\"\nmkdir -p $BAZEL_DIAGNOSTICS_DIR\nexport DATE_SUFFIX=\"$(date +%Y%m%d.%H%M%S%L)\"\nexport BAZEL_BUILD_EVENT_TEXT_FILENAME=\"$BAZEL_DIAGNOSTICS_DIR/build-event-$DATE_SUFFIX.txt\"\nexport BAZEL_BUILD_EXECUTION_LOG_FILENAME=\"$BAZEL_DIAGNOSTICS_DIR/build-execution-log-$DATE_SUFFIX.log\"\nexport BAZEL_PROFILE_FILENAME=\"$BAZEL_DIAGNOSTICS_DIR/build-profile-$DATE_SUFFIX.log\"\nenv -u RUBYOPT -u RUBY_HOME -u GEM_HOME $BAZEL_BUILD_EXEC $BAZEL_BUILD_TARGET_LABEL\n$BAZEL_INSTALLER\n";
		};
		3D60A491CE72F7D799EC0383 /* Build with bazel */ = {
			isa = PBXShellScriptBuildPhase;
			buildActionMask = 2147483647;
			files = (
			);
			inputFileListPaths = (
			);
			inputPaths = (
			);
			name = "Build with bazel";
			outputFileListPaths = (
			);
			outputPaths = (
			);
			runOnlyForDeploymentPostprocessing = 0;
			shellPath = /bin/sh;
			shellScript = "\nset -euxo pipefail\ncd $BAZEL_WORKSPACE_ROOT\n\nexport BAZEL_DIAGNOSTICS_DIR=\"$BUILD_DIR/../../bazel-xcode-diagnostics/\"\nmkdir -p $BAZEL_DIAGNOSTICS_DIR\nexport DATE_SUFFIX=\"$(date +%Y%m%d.%H%M%S%L)\"\nexport BAZEL_BUILD_EVENT_TEXT_FILENAME=\"$BAZEL_DIAGNOSTICS_DIR/build-event-$DATE_SUFFIX.txt\"\nexport BAZEL_BUILD_EXECUTION_LOG_FILENAME=\"$BAZEL_DIAGNOSTICS_DIR/build-execution-log-$DATE_SUFFIX.log\"\nexport BAZEL_PROFILE_FILENAME=\"$BAZEL_DIAGNOSTICS_DIR/build-profile-$DATE_SUFFIX.log\"\nenv -u RUBYOPT -u RUBY_HOME -u GEM_HOME $BAZEL_BUILD_EXEC $BAZEL_BUILD_TARGET_LABEL\n$BAZEL_INSTALLER\n";
		};
		6DBC122A6C2C8B5D5805E16D /* Build with bazel */ = {
			isa = PBXShellScriptBuildPhase;
			buildActionMask = 2147483647;
			files = (
			);
			inputFileListPaths = (
			);
			inputPaths = (
			);
			name = "Build with bazel";
			outputFileListPaths = (
			);
			outputPaths = (
			);
			runOnlyForDeploymentPostprocessing = 0;
			shellPath = /bin/sh;
			shellScript = "\nset -euxo pipefail\ncd $BAZEL_WORKSPACE_ROOT\n\nexport BAZEL_DIAGNOSTICS_DIR=\"$BUILD_DIR/../../bazel-xcode-diagnostics/\"\nmkdir -p $BAZEL_DIAGNOSTICS_DIR\nexport DATE_SUFFIX=\"$(date +%Y%m%d.%H%M%S%L)\"\nexport BAZEL_BUILD_EVENT_TEXT_FILENAME=\"$BAZEL_DIAGNOSTICS_DIR/build-event-$DATE_SUFFIX.txt\"\nexport BAZEL_BUILD_EXECUTION_LOG_FILENAME=\"$BAZEL_DIAGNOSTICS_DIR/build-execution-log-$DATE_SUFFIX.log\"\nexport BAZEL_PROFILE_FILENAME=\"$BAZEL_DIAGNOSTICS_DIR/build-profile-$DATE_SUFFIX.log\"\nenv -u RUBYOPT -u RUBY_HOME -u GEM_HOME $BAZEL_BUILD_EXEC $BAZEL_BUILD_TARGET_LABEL\n$BAZEL_INSTALLER\n";
		};
/* End PBXShellScriptBuildPhase section */

/* Begin PBXSourcesBuildPhase section */
		13A44690EFFE5A0ED1A9F01A /* Sources */ = {
			isa = PBXSourcesBuildPhase;
			buildActionMask = 2147483647;
			files = (
				A92FEA9E7CEAA5C1D707216B /* test.m in Sources */,
				9C997105C8FCCC97A52F3C37 /* test.swift in Sources */,
				C95405553A2746A500C5E3E6 /* testhelper.m in Sources */,
			);
			runOnlyForDeploymentPostprocessing = 0;
		};
		17D1A00F4E8DB77A4AD36F1D /* Sources */ = {
			isa = PBXSourcesBuildPhase;
			buildActionMask = 2147483647;
			files = (
				C61986BF5CBA4DAEAF33BE91 /* empty.m in Sources */,
				C6B1D1CBC7730A53A2C04E0D /* empty.swift in Sources */,
			);
			runOnlyForDeploymentPostprocessing = 0;
		};
		30D6283F065DDEDCF32C8E92 /* Sources */ = {
			isa = PBXSourcesBuildPhase;
			buildActionMask = 2147483647;
			files = (
				E676560B3EE63A86606530C8 /* empty.swift in Sources */,
				4D9FC7A3A45FAD1826CE314F /* main.m in Sources */,
			);
			runOnlyForDeploymentPostprocessing = 0;
		};
		E265310E6F7A2ECBA4E7785F /* Sources */ = {
			isa = PBXSourcesBuildPhase;
			buildActionMask = 2147483647;
			files = (
				8B8703078ED965C24F7DFC6D /* main.m in Sources */,
			);
			runOnlyForDeploymentPostprocessing = 0;
		};
/* End PBXSourcesBuildPhase section */

/* Begin PBXTargetDependency section */
		16E0AEE91BD6B2AE076ACA19 /* PBXTargetDependency */ = {
			isa = PBXTargetDependency;
			target = 7B42EBEE80E70A0FA637B11B /* iOS-10.0-AppHost */;
			targetProxy = 78CCC3248A576BED58D23977 /* PBXContainerItemProxy */;
		};
		FFCD8F4448902A3D0CB74E5D /* PBXTargetDependency */ = {
			isa = PBXTargetDependency;
			target = 1ECB59A3C8C905569C62BCE7 /* TestImports-App */;
			targetProxy = 1DC2C8510A05B48300816294 /* PBXContainerItemProxy */;
		};
/* End PBXTargetDependency section */

/* Begin XCBuildConfiguration section */
		052452BF65BFAB2A7B6D74A2 /* Release */ = {
			isa = XCBuildConfiguration;
			buildSettings = {
				BAZEL_BIN_SUBDIR = "/tests/ios/unit-test/test-imports-app";
				BAZEL_BUILD_TARGET_LABEL = "tests/ios/unit-test/test-imports-app:TestImports-Unit-Tests";
				BAZEL_BUILD_TARGET_WORKSPACE = build_bazel_rules_ios;
				BAZEL_LLDB_INIT_FILE = "$CONFIGURATION_TEMP_DIR/TestImports-Unit-Tests.lldbinit";
				BAZEL_LLDB_SWIFT_EXTRA_CLANG_FLAGS = "";
				BAZEL_SWIFTMODULEFILES_TO_COPY = "bazel-out/ios-x86_64-min12.0-applebin_ios-ios_x86_64-dbg-ST-5dc50b810145/bin/tests/ios/unit-test/test-imports-app/TestImports_Unit_Tests.swiftmodule bazel-out/ios-x86_64-min12.0-applebin_ios-ios_x86_64-dbg-ST-5dc50b810145/bin/tests/ios/unit-test/test-imports-app/TestImports_Unit_Tests.swiftdoc bazel-out/ios-x86_64-min12.0-applebin_ios-ios_x86_64-dbg-ST-5dc50b810145/bin/tests/ios/unit-test/test-imports-app/TestImports_Unit_Tests.swiftsourceinfo";
				CLANG_ENABLE_MODULES = YES;
				CLANG_ENABLE_OBJC_ARC = YES;
				FRAMEWORK_SEARCH_PATHS = "$(PLATFORM_DIR)/Developer/Library/Frameworks \"$BAZEL_WORKSPACE_ROOT/bazel-out/ios-x86_64-min12.0-applebin_ios-ios_x86_64-dbg-ST-5dc50b810145/bin/tests/ios/unit-test/test-imports-app/TestImports-App_framework_unlinked\" \"$BAZEL_WORKSPACE_ROOT/external/TensorFlowLiteC/Frameworks\" \"$BAZEL_WORKSPACE_ROOT/external/GoogleMobileAdsSDK/Frameworks/GoogleMobileAdsFramework-Current/GoogleMobileAds.xcframework/ios-arm64_x86_64-simulator\" \"$BAZEL_WORKSPACE_ROOT/bazel-out/ios-x86_64-min12.0-applebin_ios-ios_x86_64-dbg-ST-5dc50b810145/bin/tests/ios/unit-test/test-imports-app/TestImports-App_framework_unlinked\" \"$BAZEL_WORKSPACE_ROOT/external/TensorFlowLiteC/Frameworks\" \"$BAZEL_WORKSPACE_ROOT/external/GoogleMobileAdsSDK/Frameworks/GoogleMobileAdsFramework-Current/GoogleMobileAds.xcframework/ios-arm64_x86_64-simulator\"";
				GCC_PREPROCESSOR_DEFINITIONS = "$(inherited)";
				HEADER_SEARCH_PATHS = "\"$BAZEL_WORKSPACE_ROOT/bazel-out/ios-x86_64-min12.0-applebin_ios-ios_x86_64-dbg-ST-5dc50b810145/bin/tests/ios/unit-test/test-imports-app/TestImports-Unit-Tests_public_hmap.hmap\" \"$BAZEL_WORKSPACE_ROOT/bazel-out/ios-x86_64-min12.0-applebin_ios-ios_x86_64-dbg-ST-5dc50b810145/bin/tests/ios/unit-test/test-imports-app/TestImports-Unit-Tests_private_hmap.hmap\" \"$BAZEL_WORKSPACE_ROOT/bazel-out/ios-x86_64-min12.0-applebin_ios-ios_x86_64-dbg-ST-5dc50b810145/bin/tests/ios/unit-test/test-imports-app/TestImports-Unit-Tests_swift_doublequote_hmap.hmap\" \"$BAZEL_WORKSPACE_ROOT/bazel-out/ios-x86_64-min12.0-applebin_ios-ios_x86_64-dbg-ST-5dc50b810145/bin/tests/ios/unit-test/test-imports-app/TestImports-Unit-Tests_swift_angle_bracket_hmap.hmap\" \"$BAZEL_WORKSPACE_ROOT/bazel-out/ios-x86_64-min12.0-applebin_ios-ios_x86_64-dbg-ST-5dc50b810145/bin/tests/ios/unit-test/test-imports-app/TestImports-Unit-Tests_public_hmap.hmap\" \"$BAZEL_WORKSPACE_ROOT/bazel-out/ios-x86_64-min12.0-applebin_ios-ios_x86_64-dbg-ST-5dc50b810145/bin/tests/ios/unit-test/test-imports-app/TestImports-Unit-Tests_private_hmap.hmap\" \"$BAZEL_WORKSPACE_ROOT/bazel-out/ios-x86_64-min12.0-applebin_ios-ios_x86_64-dbg-ST-5dc50b810145/bin/tests/ios/unit-test/test-imports-app/TestImports-Unit-Tests_swift_doublequote_hmap.hmap\" \"$BAZEL_WORKSPACE_ROOT/bazel-out/ios-x86_64-min12.0-applebin_ios-ios_x86_64-dbg-ST-5dc50b810145/bin/tests/ios/unit-test/test-imports-app/TestImports-Unit-Tests_swift_angle_bracket_hmap.hmap\" \"$BAZEL_WORKSPACE_ROOT\"";
				IPHONEOS_DEPLOYMENT_TARGET = 12.0;
				MACH_O_TYPE = "$(inherited)";
				ONLY_ACTIVE_ARCH = YES;
				PRODUCT_NAME = "TestImports-Unit-Tests";
				SUPPORTS_MACCATALYST = 0;
				SWIFT_ACTIVE_COMPILATION_CONDITIONS = "\"$(inherited)\"";
				TEST_HOST = "$(BUILT_PRODUCTS_DIR)/TestImports-App.app/TestImports-App";
			};
			name = Release;
		};
		2EF540551384D9E7163E1CF4 /* Debug */ = {
			isa = XCBuildConfiguration;
			buildSettings = {
				BAZEL_BIN_SUBDIR = "/tests/ios/unit-test/test-imports-app";
				BAZEL_BUILD_TARGET_LABEL = "tests/ios/unit-test/test-imports-app:TestImports-App";
				BAZEL_BUILD_TARGET_WORKSPACE = build_bazel_rules_ios;
				BAZEL_LLDB_INIT_FILE = "$CONFIGURATION_TEMP_DIR/TestImports-App.lldbinit";
				BAZEL_LLDB_SWIFT_EXTRA_CLANG_FLAGS = "";
				BAZEL_SWIFTMODULEFILES_TO_COPY = "bazel-out/ios-x86_64-min12.0-applebin_ios-ios_x86_64-dbg-ST-5dc50b810145/bin/tests/ios/unit-test/test-imports-app/TestImports_App.swiftmodule bazel-out/ios-x86_64-min12.0-applebin_ios-ios_x86_64-dbg-ST-5dc50b810145/bin/tests/ios/unit-test/test-imports-app/TestImports_App.swiftdoc bazel-out/ios-x86_64-min12.0-applebin_ios-ios_x86_64-dbg-ST-5dc50b810145/bin/tests/ios/unit-test/test-imports-app/TestImports_App.swiftsourceinfo";
				CLANG_ENABLE_MODULES = YES;
				CLANG_ENABLE_OBJC_ARC = YES;
				FRAMEWORK_SEARCH_PATHS = "$(PLATFORM_DIR)/Developer/Library/Frameworks \"$BAZEL_WORKSPACE_ROOT/external/GoogleMobileAdsSDK/Frameworks/GoogleMobileAdsFramework-Current/GoogleMobileAds.xcframework/ios-arm64_x86_64-simulator\" \"$BAZEL_WORKSPACE_ROOT/external/TensorFlowLiteC/Frameworks\" \"$BAZEL_WORKSPACE_ROOT/bazel-out/ios-x86_64-min12.0-applebin_ios-ios_x86_64-dbg-ST-5dc50b810145/bin/tests/ios/unit-test/test-imports-app/SomeFramework\" \"$BAZEL_WORKSPACE_ROOT/tests/ios/unit-test/test-imports-app/frameworks/Basic/ios\"";
				GCC_PREPROCESSOR_DEFINITIONS = "$(inherited)";
				HEADER_SEARCH_PATHS = "\"$BAZEL_WORKSPACE_ROOT/bazel-out/ios-x86_64-min12.0-applebin_ios-ios_x86_64-dbg-ST-5dc50b810145/bin/tests/ios/unit-test/test-imports-app/TestImports-App_public_hmap.hmap\" \"$BAZEL_WORKSPACE_ROOT/bazel-out/ios-x86_64-min12.0-applebin_ios-ios_x86_64-dbg-ST-5dc50b810145/bin/tests/ios/unit-test/test-imports-app/TestImports-App_private_hmap.hmap\" \"$BAZEL_WORKSPACE_ROOT/bazel-out/ios-x86_64-min12.0-applebin_ios-ios_x86_64-dbg-ST-5dc50b810145/bin/tests/ios/unit-test/test-imports-app/TestImports-App_swift_doublequote_hmap.hmap\" \"$BAZEL_WORKSPACE_ROOT/bazel-out/ios-x86_64-min12.0-applebin_ios-ios_x86_64-dbg-ST-5dc50b810145/bin/tests/ios/unit-test/test-imports-app/TestImports-App_swift_angle_bracket_hmap.hmap\" \"$BAZEL_WORKSPACE_ROOT\"";
				INFOPLIST_FILE = "$BAZEL_STUBS_DIR/Info-stub.plist";
				IPHONEOS_DEPLOYMENT_TARGET = 12.0;
				MACH_O_TYPE = "$(inherited)";
				ONLY_ACTIVE_ARCH = YES;
				PRODUCT_BUNDLE_IDENTIFIER = "com.example.TestImports-App";
				PRODUCT_NAME = "TestImports-App";
				SWIFT_ACTIVE_COMPILATION_CONDITIONS = "\"$(inherited)\"";
				TARGETED_DEVICE_FAMILY = "2,1";
			};
			name = Debug;
		};
		340C72FB682660DC9C8AF45B /* Debug */ = {
			isa = XCBuildConfiguration;
			buildSettings = {
				BAZEL_BIN_SUBDIR = "/tests/ios/unit-test/test-imports-app";
				BAZEL_BUILD_TARGET_LABEL = "tests/ios/unit-test/test-imports-app:TestImports-Unit-Tests";
				BAZEL_BUILD_TARGET_WORKSPACE = build_bazel_rules_ios;
				BAZEL_LLDB_INIT_FILE = "$CONFIGURATION_TEMP_DIR/TestImports-Unit-Tests.lldbinit";
				BAZEL_LLDB_SWIFT_EXTRA_CLANG_FLAGS = "";
				BAZEL_SWIFTMODULEFILES_TO_COPY = "bazel-out/ios-x86_64-min12.0-applebin_ios-ios_x86_64-dbg-ST-5dc50b810145/bin/tests/ios/unit-test/test-imports-app/TestImports_Unit_Tests.swiftmodule bazel-out/ios-x86_64-min12.0-applebin_ios-ios_x86_64-dbg-ST-5dc50b810145/bin/tests/ios/unit-test/test-imports-app/TestImports_Unit_Tests.swiftdoc bazel-out/ios-x86_64-min12.0-applebin_ios-ios_x86_64-dbg-ST-5dc50b810145/bin/tests/ios/unit-test/test-imports-app/TestImports_Unit_Tests.swiftsourceinfo";
				CLANG_ENABLE_MODULES = YES;
				CLANG_ENABLE_OBJC_ARC = YES;
				FRAMEWORK_SEARCH_PATHS = "$(PLATFORM_DIR)/Developer/Library/Frameworks \"$BAZEL_WORKSPACE_ROOT/bazel-out/ios-x86_64-min12.0-applebin_ios-ios_x86_64-dbg-ST-5dc50b810145/bin/tests/ios/unit-test/test-imports-app/TestImports-App_framework_unlinked\" \"$BAZEL_WORKSPACE_ROOT/external/TensorFlowLiteC/Frameworks\" \"$BAZEL_WORKSPACE_ROOT/external/GoogleMobileAdsSDK/Frameworks/GoogleMobileAdsFramework-Current/GoogleMobileAds.xcframework/ios-arm64_x86_64-simulator\" \"$BAZEL_WORKSPACE_ROOT/bazel-out/ios-x86_64-min12.0-applebin_ios-ios_x86_64-dbg-ST-5dc50b810145/bin/tests/ios/unit-test/test-imports-app/TestImports-App_framework_unlinked\" \"$BAZEL_WORKSPACE_ROOT/external/TensorFlowLiteC/Frameworks\" \"$BAZEL_WORKSPACE_ROOT/external/GoogleMobileAdsSDK/Frameworks/GoogleMobileAdsFramework-Current/GoogleMobileAds.xcframework/ios-arm64_x86_64-simulator\"";
				GCC_PREPROCESSOR_DEFINITIONS = "$(inherited)";
				HEADER_SEARCH_PATHS = "\"$BAZEL_WORKSPACE_ROOT/bazel-out/ios-x86_64-min12.0-applebin_ios-ios_x86_64-dbg-ST-5dc50b810145/bin/tests/ios/unit-test/test-imports-app/TestImports-Unit-Tests_public_hmap.hmap\" \"$BAZEL_WORKSPACE_ROOT/bazel-out/ios-x86_64-min12.0-applebin_ios-ios_x86_64-dbg-ST-5dc50b810145/bin/tests/ios/unit-test/test-imports-app/TestImports-Unit-Tests_private_hmap.hmap\" \"$BAZEL_WORKSPACE_ROOT/bazel-out/ios-x86_64-min12.0-applebin_ios-ios_x86_64-dbg-ST-5dc50b810145/bin/tests/ios/unit-test/test-imports-app/TestImports-Unit-Tests_swift_doublequote_hmap.hmap\" \"$BAZEL_WORKSPACE_ROOT/bazel-out/ios-x86_64-min12.0-applebin_ios-ios_x86_64-dbg-ST-5dc50b810145/bin/tests/ios/unit-test/test-imports-app/TestImports-Unit-Tests_swift_angle_bracket_hmap.hmap\" \"$BAZEL_WORKSPACE_ROOT/bazel-out/ios-x86_64-min12.0-applebin_ios-ios_x86_64-dbg-ST-5dc50b810145/bin/tests/ios/unit-test/test-imports-app/TestImports-Unit-Tests_public_hmap.hmap\" \"$BAZEL_WORKSPACE_ROOT/bazel-out/ios-x86_64-min12.0-applebin_ios-ios_x86_64-dbg-ST-5dc50b810145/bin/tests/ios/unit-test/test-imports-app/TestImports-Unit-Tests_private_hmap.hmap\" \"$BAZEL_WORKSPACE_ROOT/bazel-out/ios-x86_64-min12.0-applebin_ios-ios_x86_64-dbg-ST-5dc50b810145/bin/tests/ios/unit-test/test-imports-app/TestImports-Unit-Tests_swift_doublequote_hmap.hmap\" \"$BAZEL_WORKSPACE_ROOT/bazel-out/ios-x86_64-min12.0-applebin_ios-ios_x86_64-dbg-ST-5dc50b810145/bin/tests/ios/unit-test/test-imports-app/TestImports-Unit-Tests_swift_angle_bracket_hmap.hmap\" \"$BAZEL_WORKSPACE_ROOT\"";
				IPHONEOS_DEPLOYMENT_TARGET = 12.0;
				MACH_O_TYPE = "$(inherited)";
				ONLY_ACTIVE_ARCH = YES;
				PRODUCT_NAME = "TestImports-Unit-Tests";
				SUPPORTS_MACCATALYST = 0;
				SWIFT_ACTIVE_COMPILATION_CONDITIONS = "\"$(inherited)\"";
				TEST_HOST = "$(BUILT_PRODUCTS_DIR)/TestImports-App.app/TestImports-App";
			};
			name = Debug;
		};
		35319915CD86528CFD9DACD6 /* Debug */ = {
			isa = XCBuildConfiguration;
			buildSettings = {
				BAZEL_BIN_SUBDIR = "/tests/ios/unit-test";
				BAZEL_BUILD_TARGET_LABEL = "tests/ios/unit-test:DefaultHosted";
				BAZEL_BUILD_TARGET_WORKSPACE = build_bazel_rules_ios;
				BAZEL_LLDB_INIT_FILE = $CONFIGURATION_TEMP_DIR/DefaultHosted.lldbinit;
				BAZEL_LLDB_SWIFT_EXTRA_CLANG_FLAGS = "";
				BAZEL_SWIFTMODULEFILES_TO_COPY = "bazel-out/ios-x86_64-min10.0-applebin_ios-ios_x86_64-dbg-ST-7bf874b56ea0/bin/tests/ios/unit-test/DefaultHosted.swiftmodule bazel-out/ios-x86_64-min10.0-applebin_ios-ios_x86_64-dbg-ST-7bf874b56ea0/bin/tests/ios/unit-test/DefaultHosted.swiftdoc bazel-out/ios-x86_64-min10.0-applebin_ios-ios_x86_64-dbg-ST-7bf874b56ea0/bin/tests/ios/unit-test/DefaultHosted.swiftsourceinfo";
				CLANG_ENABLE_MODULES = YES;
				CLANG_ENABLE_OBJC_ARC = YES;
				FRAMEWORK_SEARCH_PATHS = "$(PLATFORM_DIR)/Developer/Library/Frameworks";
				GCC_PREPROCESSOR_DEFINITIONS = "$(inherited)";
				HEADER_SEARCH_PATHS = "\"$BAZEL_WORKSPACE_ROOT/bazel-out/ios-x86_64-min10.0-applebin_ios-ios_x86_64-dbg-ST-7bf874b56ea0/bin/tests/ios/unit-test/DefaultHosted_swift_doublequote_hmap.hmap\" \"$BAZEL_WORKSPACE_ROOT/bazel-out/ios-x86_64-min10.0-applebin_ios-ios_x86_64-dbg-ST-7bf874b56ea0/bin/tests/ios/unit-test/DefaultHosted_swift_angle_bracket_hmap.hmap\" \"$BAZEL_WORKSPACE_ROOT/bazel-out/ios-x86_64-min10.0-applebin_ios-ios_x86_64-dbg-ST-7bf874b56ea0/bin/tests/ios/unit-test/DefaultHosted_swift_doublequote_hmap.hmap\" \"$BAZEL_WORKSPACE_ROOT/bazel-out/ios-x86_64-min10.0-applebin_ios-ios_x86_64-dbg-ST-7bf874b56ea0/bin/tests/ios/unit-test/DefaultHosted_swift_angle_bracket_hmap.hmap\" \"$BAZEL_WORKSPACE_ROOT\"";
				IPHONEOS_DEPLOYMENT_TARGET = 10.0;
				MACH_O_TYPE = "$(inherited)";
				ONLY_ACTIVE_ARCH = YES;
				PRODUCT_NAME = DefaultHosted;
				SUPPORTS_MACCATALYST = 0;
				SWIFT_ACTIVE_COMPILATION_CONDITIONS = "\"$(inherited)\"";
				TEST_HOST = "$(BUILT_PRODUCTS_DIR)/iOS-10.0-AppHost.app/iOS-10.0-AppHost";
			};
			name = Debug;
		};
		607F6A979BCB270BD2846986 /* Release */ = {
			isa = XCBuildConfiguration;
			buildSettings = {
				BAZEL_BIN_SUBDIR = "/tests/ios/unit-test/test-imports-app";
				BAZEL_BUILD_TARGET_LABEL = "tests/ios/unit-test/test-imports-app:TestImports-App";
				BAZEL_BUILD_TARGET_WORKSPACE = build_bazel_rules_ios;
				BAZEL_LLDB_INIT_FILE = "$CONFIGURATION_TEMP_DIR/TestImports-App.lldbinit";
				BAZEL_LLDB_SWIFT_EXTRA_CLANG_FLAGS = "";
				BAZEL_SWIFTMODULEFILES_TO_COPY = "bazel-out/ios-x86_64-min12.0-applebin_ios-ios_x86_64-dbg-ST-5dc50b810145/bin/tests/ios/unit-test/test-imports-app/TestImports_App.swiftmodule bazel-out/ios-x86_64-min12.0-applebin_ios-ios_x86_64-dbg-ST-5dc50b810145/bin/tests/ios/unit-test/test-imports-app/TestImports_App.swiftdoc bazel-out/ios-x86_64-min12.0-applebin_ios-ios_x86_64-dbg-ST-5dc50b810145/bin/tests/ios/unit-test/test-imports-app/TestImports_App.swiftsourceinfo";
				CLANG_ENABLE_MODULES = YES;
				CLANG_ENABLE_OBJC_ARC = YES;
				FRAMEWORK_SEARCH_PATHS = "$(PLATFORM_DIR)/Developer/Library/Frameworks \"$BAZEL_WORKSPACE_ROOT/external/GoogleMobileAdsSDK/Frameworks/GoogleMobileAdsFramework-Current/GoogleMobileAds.xcframework/ios-arm64_x86_64-simulator\" \"$BAZEL_WORKSPACE_ROOT/external/TensorFlowLiteC/Frameworks\" \"$BAZEL_WORKSPACE_ROOT/bazel-out/ios-x86_64-min12.0-applebin_ios-ios_x86_64-dbg-ST-5dc50b810145/bin/tests/ios/unit-test/test-imports-app/SomeFramework\" \"$BAZEL_WORKSPACE_ROOT/tests/ios/unit-test/test-imports-app/frameworks/Basic/ios\"";
				GCC_PREPROCESSOR_DEFINITIONS = "$(inherited)";
				HEADER_SEARCH_PATHS = "\"$BAZEL_WORKSPACE_ROOT/bazel-out/ios-x86_64-min12.0-applebin_ios-ios_x86_64-dbg-ST-5dc50b810145/bin/tests/ios/unit-test/test-imports-app/TestImports-App_public_hmap.hmap\" \"$BAZEL_WORKSPACE_ROOT/bazel-out/ios-x86_64-min12.0-applebin_ios-ios_x86_64-dbg-ST-5dc50b810145/bin/tests/ios/unit-test/test-imports-app/TestImports-App_private_hmap.hmap\" \"$BAZEL_WORKSPACE_ROOT/bazel-out/ios-x86_64-min12.0-applebin_ios-ios_x86_64-dbg-ST-5dc50b810145/bin/tests/ios/unit-test/test-imports-app/TestImports-App_swift_doublequote_hmap.hmap\" \"$BAZEL_WORKSPACE_ROOT/bazel-out/ios-x86_64-min12.0-applebin_ios-ios_x86_64-dbg-ST-5dc50b810145/bin/tests/ios/unit-test/test-imports-app/TestImports-App_swift_angle_bracket_hmap.hmap\" \"$BAZEL_WORKSPACE_ROOT\"";
				INFOPLIST_FILE = "$BAZEL_STUBS_DIR/Info-stub.plist";
				IPHONEOS_DEPLOYMENT_TARGET = 12.0;
				MACH_O_TYPE = "$(inherited)";
				ONLY_ACTIVE_ARCH = YES;
				PRODUCT_BUNDLE_IDENTIFIER = "com.example.TestImports-App";
				PRODUCT_NAME = "TestImports-App";
				SWIFT_ACTIVE_COMPILATION_CONDITIONS = "\"$(inherited)\"";
				TARGETED_DEVICE_FAMILY = "2,1";
			};
			name = Release;
		};
		83C6FAF9D19E66ABD6FC3866 /* Release */ = {
			isa = XCBuildConfiguration;
			buildSettings = {
				BAZEL_ADDITIONAL_BAZEL_BUILD_OPTIONS = "";
				BAZEL_ADDITIONAL_LLDB_SETTINGS = "";
				BAZEL_BUILD_EXEC = "$BAZEL_STUBS_DIR/build-wrapper";
				BAZEL_CONFIGS = (
				);
				BAZEL_EXECUTION_LOG_ENABLED = 0;
				BAZEL_INSTALLER = $BAZEL_INSTALLERS_DIR/installer;
				BAZEL_INSTALLERS_DIR = $PROJECT_FILE_PATH/bazelinstallers;
				BAZEL_OUTPUT_PROCESSOR = "$BAZEL_STUBS_DIR/output-processor.rb";
				BAZEL_PATH = bazelisk;
				BAZEL_PROFILE_ENABLED = 0;
				BAZEL_STUBS_DIR = $PROJECT_FILE_PATH/bazelstubs;
				BAZEL_WORKSPACE_ROOT = $SRCROOT/../../..;
				CC = "$BAZEL_STUBS_DIR/clang-stub";
				CLANG_ANALYZER_EXEC = $CC;
				CODE_SIGNING_ALLOWED = 0;
				CXX = $CC;
				DEBUG_INFORMATION_FORMAT = dwarf;
				DONT_RUN_SWIFT_STDLIB_TOOL = 1;
				LD = "$BAZEL_STUBS_DIR/ld-stub";
				LIBTOOL = /usr/bin/true;
				OTHER_LDFLAGS = "-fuse-ld=$BAZEL_STUBS_DIR/ld-stub";
				SDKROOT = iphoneos;
				SWIFT_EXEC = "$BAZEL_STUBS_DIR/swiftc-stub";
				SWIFT_OBJC_INTERFACE_HEADER_NAME = "";
				SWIFT_VERSION = 5;
				USE_HEADERMAP = 0;
			};
			name = Release;
		};
		84F4EFF162A20A916170779B /* Release */ = {
			isa = XCBuildConfiguration;
			buildSettings = {
				BAZEL_BIN_SUBDIR = /rules/test_host_app;
				BAZEL_BUILD_TARGET_LABEL = "rules/test_host_app:iOS-10.0-AppHost";
				BAZEL_BUILD_TARGET_WORKSPACE = build_bazel_rules_ios;
				BAZEL_LLDB_INIT_FILE = "$CONFIGURATION_TEMP_DIR/iOS-10.0-AppHost.lldbinit";
				BAZEL_LLDB_SWIFT_EXTRA_CLANG_FLAGS = "";
				BAZEL_SWIFTMODULEFILES_TO_COPY = "";
				CLANG_ENABLE_MODULES = YES;
				CLANG_ENABLE_OBJC_ARC = YES;
				FRAMEWORK_SEARCH_PATHS = "$(PLATFORM_DIR)/Developer/Library/Frameworks";
				GCC_PREPROCESSOR_DEFINITIONS = "$(inherited)";
				HEADER_SEARCH_PATHS = "\"$BAZEL_WORKSPACE_ROOT\"";
				INFOPLIST_FILE = "$BAZEL_STUBS_DIR/Info-stub.plist";
				IPHONEOS_DEPLOYMENT_TARGET = 10.0;
				MACH_O_TYPE = "$(inherited)";
				ONLY_ACTIVE_ARCH = YES;
				PRODUCT_BUNDLE_IDENTIFIER = "com.example.ios-app-host-10.0";
				PRODUCT_NAME = "iOS-10.0-AppHost";
				SWIFT_ACTIVE_COMPILATION_CONDITIONS = "\"$(inherited)\"";
				TARGETED_DEVICE_FAMILY = "1,2";
			};
			name = Release;
		};
		A106615F49CB28EE31DF7A1D /* Debug */ = {
			isa = XCBuildConfiguration;
			buildSettings = {
				BAZEL_BIN_SUBDIR = /rules/test_host_app;
				BAZEL_BUILD_TARGET_LABEL = "rules/test_host_app:iOS-10.0-AppHost";
				BAZEL_BUILD_TARGET_WORKSPACE = build_bazel_rules_ios;
				BAZEL_LLDB_INIT_FILE = "$CONFIGURATION_TEMP_DIR/iOS-10.0-AppHost.lldbinit";
				BAZEL_LLDB_SWIFT_EXTRA_CLANG_FLAGS = "";
				BAZEL_SWIFTMODULEFILES_TO_COPY = "";
				CLANG_ENABLE_MODULES = YES;
				CLANG_ENABLE_OBJC_ARC = YES;
				FRAMEWORK_SEARCH_PATHS = "$(PLATFORM_DIR)/Developer/Library/Frameworks";
				GCC_PREPROCESSOR_DEFINITIONS = "$(inherited)";
				HEADER_SEARCH_PATHS = "\"$BAZEL_WORKSPACE_ROOT\"";
				INFOPLIST_FILE = "$BAZEL_STUBS_DIR/Info-stub.plist";
				IPHONEOS_DEPLOYMENT_TARGET = 10.0;
				MACH_O_TYPE = "$(inherited)";
				ONLY_ACTIVE_ARCH = YES;
				PRODUCT_BUNDLE_IDENTIFIER = "com.example.ios-app-host-10.0";
				PRODUCT_NAME = "iOS-10.0-AppHost";
				SWIFT_ACTIVE_COMPILATION_CONDITIONS = "\"$(inherited)\"";
				TARGETED_DEVICE_FAMILY = "1,2";
			};
			name = Debug;
		};
		AD55644E2B6185FA4E29AA4F /* Debug */ = {
			isa = XCBuildConfiguration;
			buildSettings = {
				BAZEL_ADDITIONAL_BAZEL_BUILD_OPTIONS = "";
				BAZEL_ADDITIONAL_LLDB_SETTINGS = "";
				BAZEL_BUILD_EXEC = "$BAZEL_STUBS_DIR/build-wrapper";
				BAZEL_CONFIGS = (
				);
				BAZEL_EXECUTION_LOG_ENABLED = 0;
				BAZEL_INSTALLER = $BAZEL_INSTALLERS_DIR/installer;
				BAZEL_INSTALLERS_DIR = $PROJECT_FILE_PATH/bazelinstallers;
				BAZEL_OUTPUT_PROCESSOR = "$BAZEL_STUBS_DIR/output-processor.rb";
				BAZEL_PATH = bazelisk;
				BAZEL_PROFILE_ENABLED = 0;
				BAZEL_STUBS_DIR = $PROJECT_FILE_PATH/bazelstubs;
				BAZEL_WORKSPACE_ROOT = $SRCROOT/../../..;
				CC = "$BAZEL_STUBS_DIR/clang-stub";
				CLANG_ANALYZER_EXEC = $CC;
				CODE_SIGNING_ALLOWED = 0;
				CXX = $CC;
				DEBUG_INFORMATION_FORMAT = dwarf;
				DONT_RUN_SWIFT_STDLIB_TOOL = 1;
				GCC_PREPROCESSOR_DEFINITIONS = DEBUG;
				LD = "$BAZEL_STUBS_DIR/ld-stub";
				LIBTOOL = /usr/bin/true;
				OTHER_LDFLAGS = "-fuse-ld=$BAZEL_STUBS_DIR/ld-stub";
				SDKROOT = iphoneos;
				SWIFT_ACTIVE_COMPILATION_CONDITIONS = DEBUG;
				SWIFT_EXEC = "$BAZEL_STUBS_DIR/swiftc-stub";
				SWIFT_OBJC_INTERFACE_HEADER_NAME = "";
				SWIFT_VERSION = 5;
				USE_HEADERMAP = 0;
			};
			name = Debug;
		};
		E23B39181F1860849E079269 /* Release */ = {
			isa = XCBuildConfiguration;
			buildSettings = {
				BAZEL_BIN_SUBDIR = "/tests/ios/unit-test";
				BAZEL_BUILD_TARGET_LABEL = "tests/ios/unit-test:DefaultHosted";
				BAZEL_BUILD_TARGET_WORKSPACE = build_bazel_rules_ios;
				BAZEL_LLDB_INIT_FILE = $CONFIGURATION_TEMP_DIR/DefaultHosted.lldbinit;
				BAZEL_LLDB_SWIFT_EXTRA_CLANG_FLAGS = "";
				BAZEL_SWIFTMODULEFILES_TO_COPY = "bazel-out/ios-x86_64-min10.0-applebin_ios-ios_x86_64-dbg-ST-7bf874b56ea0/bin/tests/ios/unit-test/DefaultHosted.swiftmodule bazel-out/ios-x86_64-min10.0-applebin_ios-ios_x86_64-dbg-ST-7bf874b56ea0/bin/tests/ios/unit-test/DefaultHosted.swiftdoc bazel-out/ios-x86_64-min10.0-applebin_ios-ios_x86_64-dbg-ST-7bf874b56ea0/bin/tests/ios/unit-test/DefaultHosted.swiftsourceinfo";
				CLANG_ENABLE_MODULES = YES;
				CLANG_ENABLE_OBJC_ARC = YES;
				FRAMEWORK_SEARCH_PATHS = "$(PLATFORM_DIR)/Developer/Library/Frameworks";
				GCC_PREPROCESSOR_DEFINITIONS = "$(inherited)";
				HEADER_SEARCH_PATHS = "\"$BAZEL_WORKSPACE_ROOT/bazel-out/ios-x86_64-min10.0-applebin_ios-ios_x86_64-dbg-ST-7bf874b56ea0/bin/tests/ios/unit-test/DefaultHosted_swift_doublequote_hmap.hmap\" \"$BAZEL_WORKSPACE_ROOT/bazel-out/ios-x86_64-min10.0-applebin_ios-ios_x86_64-dbg-ST-7bf874b56ea0/bin/tests/ios/unit-test/DefaultHosted_swift_angle_bracket_hmap.hmap\" \"$BAZEL_WORKSPACE_ROOT/bazel-out/ios-x86_64-min10.0-applebin_ios-ios_x86_64-dbg-ST-7bf874b56ea0/bin/tests/ios/unit-test/DefaultHosted_swift_doublequote_hmap.hmap\" \"$BAZEL_WORKSPACE_ROOT/bazel-out/ios-x86_64-min10.0-applebin_ios-ios_x86_64-dbg-ST-7bf874b56ea0/bin/tests/ios/unit-test/DefaultHosted_swift_angle_bracket_hmap.hmap\" \"$BAZEL_WORKSPACE_ROOT\"";
				IPHONEOS_DEPLOYMENT_TARGET = 10.0;
				MACH_O_TYPE = "$(inherited)";
				ONLY_ACTIVE_ARCH = YES;
				PRODUCT_NAME = DefaultHosted;
				SUPPORTS_MACCATALYST = 0;
				SWIFT_ACTIVE_COMPILATION_CONDITIONS = "\"$(inherited)\"";
				TEST_HOST = "$(BUILT_PRODUCTS_DIR)/iOS-10.0-AppHost.app/iOS-10.0-AppHost";
			};
			name = Release;
		};
/* End XCBuildConfiguration section */

/* Begin XCConfigurationList section */
		925C7EC36E5BD69BB75B98CD /* Build configuration list for PBXProject "Test-Target-With-Test-Host-Project" */ = {
			isa = XCConfigurationList;
			buildConfigurations = (
				AD55644E2B6185FA4E29AA4F /* Debug */,
				83C6FAF9D19E66ABD6FC3866 /* Release */,
			);
			defaultConfigurationIsVisible = 0;
			defaultConfigurationName = Debug;
		};
		A5C34E19D5BE5E6D9373D9D0 /* Build configuration list for PBXNativeTarget "DefaultHosted" */ = {
			isa = XCConfigurationList;
			buildConfigurations = (
				35319915CD86528CFD9DACD6 /* Debug */,
				E23B39181F1860849E079269 /* Release */,
			);
			defaultConfigurationIsVisible = 0;
			defaultConfigurationName = Debug;
		};
		C5F485B930E4C6EAB1E71482 /* Build configuration list for PBXNativeTarget "TestImports-App" */ = {
			isa = XCConfigurationList;
			buildConfigurations = (
				2EF540551384D9E7163E1CF4 /* Debug */,
				607F6A979BCB270BD2846986 /* Release */,
			);
			defaultConfigurationIsVisible = 0;
			defaultConfigurationName = Debug;
		};
		D271C4107BA3CC290E3ADC7A /* Build configuration list for PBXNativeTarget "iOS-10.0-AppHost" */ = {
			isa = XCConfigurationList;
			buildConfigurations = (
				A106615F49CB28EE31DF7A1D /* Debug */,
				84F4EFF162A20A916170779B /* Release */,
			);
			defaultConfigurationIsVisible = 0;
			defaultConfigurationName = Debug;
		};
		F0538BC388B2DD5C72F37AB3 /* Build configuration list for PBXNativeTarget "TestImports-Unit-Tests" */ = {
			isa = XCConfigurationList;
			buildConfigurations = (
				340C72FB682660DC9C8AF45B /* Debug */,
				052452BF65BFAB2A7B6D74A2 /* Release */,
			);
			defaultConfigurationIsVisible = 0;
			defaultConfigurationName = Debug;
		};
/* End XCConfigurationList section */
	};
	rootObject = 0D82F964E7A8A27136301FFF /* Project object */;
}
