// !$*UTF8*$!
{
	archiveVersion = 1;
	classes = {
	};
	objectVersion = 51;
	objects = {

/* Begin PBXBuildFile section */
		48D4192F30D82AA79C2EF551 /* main.m in Sources */ = {isa = PBXBuildFile; fileRef = 627B824057054D0225547654 /* main.m */; };
		81D34B301E2D17CFD9C05D07 /* empty.swift in Sources */ = {isa = PBXBuildFile; fileRef = A1C4C720D52888276F4605DF /* empty.swift */; };
		82542028BC353DB2B371D1A4 /* test.m in Sources */ = {isa = PBXBuildFile; fileRef = 1C016321739A04C237C9F636 /* test.m */; };
		91FC5E55B36FDDD693DACF76 /* testhelper.m in Sources */ = {isa = PBXBuildFile; fileRef = 2D7574D6143C41CB1A625528 /* testhelper.m */; };
		BC98EAAB1F01FB2A8C350D1E /* test.swift in Sources */ = {isa = PBXBuildFile; fileRef = 6EB3E92CC321AF0C6ABED8DD /* test.swift */; };
/* End PBXBuildFile section */

/* Begin PBXContainerItemProxy section */
		E8D1D5A67647A6479631DE95 /* PBXContainerItemProxy */ = {
			isa = PBXContainerItemProxy;
			containerPortal = E37AB391F72D82A5E5269D09 /* Project object */;
			proxyType = 1;
			remoteGlobalIDString = DBF60C33973C9F54F27A9631;
			remoteInfo = "TestImports-App";
		};
/* End PBXContainerItemProxy section */

/* Begin PBXFileReference section */
		1C016321739A04C237C9F636 /* test.m */ = {isa = PBXFileReference; lastKnownFileType = sourcecode.c.objc; path = test.m; sourceTree = "<group>"; };
		1E37A2CEDD72E22C5B79A730 /* Header.h */ = {isa = PBXFileReference; lastKnownFileType = sourcecode.c.h; path = Header.h; sourceTree = "<group>"; };
		21C44155DCDDF3B42AB264B5 /* BUILD.bazel */ = {isa = PBXFileReference; path = BUILD.bazel; sourceTree = "<group>"; };
		266C35CC2EB059B01887B55B /* TestImports-Unit-Tests.xctest */ = {isa = PBXFileReference; includeInIndex = 0; lastKnownFileType = wrapper.cfbundle; path = "TestImports-Unit-Tests.xctest"; sourceTree = BUILT_PRODUCTS_DIR; };
		2D7574D6143C41CB1A625528 /* testhelper.m */ = {isa = PBXFileReference; lastKnownFileType = sourcecode.c.objc; path = testhelper.m; sourceTree = "<group>"; };
		5730CE0E7E7333D1B8388443 /* testhelper.h */ = {isa = PBXFileReference; lastKnownFileType = sourcecode.c.h; path = testhelper.h; sourceTree = "<group>"; };
		59499A0621565941CB2630A8 /* TestImports-App.app */ = {isa = PBXFileReference; includeInIndex = 0; lastKnownFileType = wrapper.application; path = "TestImports-App.app"; sourceTree = BUILT_PRODUCTS_DIR; };
		5BC617C0908F436C4AEBC77F /* TestModel.xcdatamodel */ = {isa = PBXFileReference; lastKnownFileType = wrapper.xcdatamodel; path = TestModel.xcdatamodel; sourceTree = "<group>"; };
		627B824057054D0225547654 /* main.m */ = {isa = PBXFileReference; lastKnownFileType = sourcecode.c.objc; path = main.m; sourceTree = "<group>"; };
		636792ECC933C20F02A9F3E1 /* BUILD.bazel */ = {isa = PBXFileReference; path = BUILD.bazel; sourceTree = "<group>"; };
		6EB3E92CC321AF0C6ABED8DD /* test.swift */ = {isa = PBXFileReference; lastKnownFileType = sourcecode.swift; path = test.swift; sourceTree = "<group>"; };
		71C634DFAAFE74F9F60BDB96 /* TestModelMapping.xcmappingmodel */ = {isa = PBXFileReference; lastKnownFileType = wrapper.xcmappingmodel; path = TestModelMapping.xcmappingmodel; sourceTree = "<group>"; };
		7B0F4F7241F6D9C23C968A26 /* TestModel2.xcdatamodel */ = {isa = PBXFileReference; lastKnownFileType = wrapper.xcdatamodel; path = TestModel2.xcdatamodel; sourceTree = "<group>"; };
		A1C4C720D52888276F4605DF /* empty.swift */ = {isa = PBXFileReference; lastKnownFileType = sourcecode.swift; path = empty.swift; sourceTree = "<group>"; };
		A6E8D2A4C618E05DA4E8285F /* resource_bundle.plist */ = {isa = PBXFileReference; lastKnownFileType = text.plist; path = resource_bundle.plist; sourceTree = "<group>"; };
		B658ED082F8E6B12DD30C1A9 /* TestImports-Unit-Tests-Bridging-Header.h */ = {isa = PBXFileReference; lastKnownFileType = sourcecode.c.h; path = "TestImports-Unit-Tests-Bridging-Header.h"; sourceTree = "<group>"; };
		C247BCBD48E55CCC14DC9DC9 /* TestImports-App-Bridging-Header.h */ = {isa = PBXFileReference; lastKnownFileType = sourcecode.c.h; path = "TestImports-App-Bridging-Header.h"; sourceTree = "<group>"; };
		C53DF20CAFEB52F3690B07A4 /* Images.xcassets */ = {isa = PBXFileReference; lastKnownFileType = folder.assetcatalog; path = Images.xcassets; sourceTree = "<group>"; };
		C70AF177AF5226342D65A7AC /* Header2.h */ = {isa = PBXFileReference; lastKnownFileType = sourcecode.c.h; path = Header2.h; sourceTree = "<group>"; };
		D7B469729649C580A920148C /* TestStickers.xcstickers */ = {isa = PBXFileReference; lastKnownFileType = folder.stickers; path = TestStickers.xcstickers; sourceTree = "<group>"; };
		E4438C7F21E6DD4889257771 /* Images.xcassets */ = {isa = PBXFileReference; lastKnownFileType = folder.assetcatalog; path = Images.xcassets; sourceTree = "<group>"; };
		F077D45400BA29F10303BBE2 /* common.pch */ = {isa = PBXFileReference; lastKnownFileType = sourcecode.c.h; path = common.pch; sourceTree = "<group>"; };
/* End PBXFileReference section */

/* Begin PBXGroup section */
		06C928612422E830DEF41FEB /* Resources */ = {
			isa = PBXGroup;
			children = (
				C53DF20CAFEB52F3690B07A4 /* Images.xcassets */,
				FC3CBC6B95C2ECB28405326B /* Resources2 */,
				5BC617C0908F436C4AEBC77F /* TestModel.xcdatamodel */,
				7B0F4F7241F6D9C23C968A26 /* TestModel2.xcdatamodel */,
				71C634DFAAFE74F9F60BDB96 /* TestModelMapping.xcmappingmodel */,
				D7B469729649C580A920148C /* TestStickers.xcstickers */,
			);
			path = Resources;
			sourceTree = "<group>";
		};
		083FBB1804CDDE02D21894FD /* Products */ = {
			isa = PBXGroup;
			children = (
				59499A0621565941CB2630A8 /* TestImports-App.app */,
				266C35CC2EB059B01887B55B /* TestImports-Unit-Tests.xctest */,
			);
			name = Products;
			sourceTree = "<group>";
		};
		0D946042C5D373E9C6A39CA7 /* ios */ = {
			isa = PBXGroup;
			children = (
				30166195842BF510B11C5D2F /* unit-test */,
			);
			path = ios;
			sourceTree = "<group>";
		};
		19DBAAFBA78B1EA378C013CD /* library */ = {
			isa = PBXGroup;
			children = (
				F077D45400BA29F10303BBE2 /* common.pch */,
				A6E8D2A4C618E05DA4E8285F /* resource_bundle.plist */,
			);
			path = library;
			sourceTree = "<group>";
		};
		258151413801EC4B332238D8 /* rules */ = {
			isa = PBXGroup;
			children = (
				19DBAAFBA78B1EA378C013CD /* library */,
			);
			path = rules;
			sourceTree = "<group>";
		};
		30166195842BF510B11C5D2F /* unit-test */ = {
			isa = PBXGroup;
			children = (
				C0AEC878DC174F814C8A66F8 /* test-imports-app */,
			);
			path = "unit-test";
			sourceTree = "<group>";
		};
		30C1274A9645EA7E2E393EA3 /* tests */ = {
			isa = PBXGroup;
			children = (
				0D946042C5D373E9C6A39CA7 /* ios */,
			);
			path = tests;
			sourceTree = "<group>";
		};
		5A56107D54A6DC1E464000F4 /* build_bazel_rules_ios */ = {
			isa = PBXGroup;
			children = (
				21C44155DCDDF3B42AB264B5 /* BUILD.bazel */,
				258151413801EC4B332238D8 /* rules */,
				30C1274A9645EA7E2E393EA3 /* tests */,
			);
			name = build_bazel_rules_ios;
			path = ../../..;
			sourceTree = "<group>";
		};
		5E892B61AA6E268B5FBDEE62 = {
			isa = PBXGroup;
			children = (
				5A56107D54A6DC1E464000F4 /* build_bazel_rules_ios */,
				083FBB1804CDDE02D21894FD /* Products */,
			);
			sourceTree = "<group>";
		};
		C0AEC878DC174F814C8A66F8 /* test-imports-app */ = {
			isa = PBXGroup;
			children = (
				636792ECC933C20F02A9F3E1 /* BUILD.bazel */,
				A1C4C720D52888276F4605DF /* empty.swift */,
				1E37A2CEDD72E22C5B79A730 /* Header.h */,
				C70AF177AF5226342D65A7AC /* Header2.h */,
				627B824057054D0225547654 /* main.m */,
				06C928612422E830DEF41FEB /* Resources */,
				1C016321739A04C237C9F636 /* test.m */,
				6EB3E92CC321AF0C6ABED8DD /* test.swift */,
				5730CE0E7E7333D1B8388443 /* testhelper.h */,
				2D7574D6143C41CB1A625528 /* testhelper.m */,
				C247BCBD48E55CCC14DC9DC9 /* TestImports-App-Bridging-Header.h */,
				B658ED082F8E6B12DD30C1A9 /* TestImports-Unit-Tests-Bridging-Header.h */,
			);
			path = "test-imports-app";
			sourceTree = "<group>";
		};
		FC3CBC6B95C2ECB28405326B /* Resources2 */ = {
			isa = PBXGroup;
			children = (
				E4438C7F21E6DD4889257771 /* Images.xcassets */,
			);
			path = Resources2;
			sourceTree = "<group>";
		};
/* End PBXGroup section */

/* Begin PBXNativeTarget section */
		0C510F3E74DF274CF79164D1 /* TestImports-Unit-Tests */ = {
			isa = PBXNativeTarget;
			buildConfigurationList = 493718939C46C5BDC6BF7BF4 /* Build configuration list for PBXNativeTarget "TestImports-Unit-Tests" */;
			buildPhases = (
				01671280E477BBB41170864C /* Build with bazel */,
				0BF63631C0745E1453F975E0 /* Sources */,
			);
			buildRules = (
			);
			dependencies = (
				2A4D10F447EE1D6938EFE611 /* PBXTargetDependency */,
			);
			name = "TestImports-Unit-Tests";
			productName = "TestImports-Unit-Tests";
			productReference = 266C35CC2EB059B01887B55B /* TestImports-Unit-Tests.xctest */;
			productType = "com.apple.product-type.bundle.unit-test";
		};
		DBF60C33973C9F54F27A9631 /* TestImports-App */ = {
			isa = PBXNativeTarget;
			buildConfigurationList = DBEE0A16925E0F59494A84F5 /* Build configuration list for PBXNativeTarget "TestImports-App" */;
			buildPhases = (
				40CA5EFAB6C237D56413FD62 /* Build with bazel */,
				7BCB75740E49784B22F0FC74 /* Sources */,
			);
			buildRules = (
			);
			dependencies = (
			);
			name = "TestImports-App";
			productName = "TestImports-App";
			productReference = 59499A0621565941CB2630A8 /* TestImports-App.app */;
			productType = "com.apple.product-type.application";
		};
/* End PBXNativeTarget section */

/* Begin PBXProject section */
		E37AB391F72D82A5E5269D09 /* Project object */ = {
			isa = PBXProject;
			attributes = {
				LastUpgradeCheck = 1200;
				TargetAttributes = {
				};
			};
			buildConfigurationList = B2500B3F4A3F1EA143606850 /* Build configuration list for PBXProject "Test-Provide-Build-Settings-From-Target-For-Pre-Post-Actions" */;
			compatibilityVersion = "Xcode 10.0";
			developmentRegion = en;
			hasScannedForEncodings = 0;
			knownRegions = (
				Base,
				en,
			);
			mainGroup = 5E892B61AA6E268B5FBDEE62;
			projectDirPath = "";
			projectRoot = "";
			targets = (
				DBF60C33973C9F54F27A9631 /* TestImports-App */,
				0C510F3E74DF274CF79164D1 /* TestImports-Unit-Tests */,
			);
		};
/* End PBXProject section */

/* Begin PBXShellScriptBuildPhase section */
		01671280E477BBB41170864C /* Build with bazel */ = {
			isa = PBXShellScriptBuildPhase;
			buildActionMask = 2147483647;
			files = (
			);
			inputFileListPaths = (
			);
			inputPaths = (
			);
			name = "Build with bazel";
			outputFileListPaths = (
			);
			outputPaths = (
			);
			runOnlyForDeploymentPostprocessing = 0;
			shellPath = /bin/sh;
			shellScript = "\nset -euxo pipefail\ncd $BAZEL_WORKSPACE_ROOT\n\nexport BAZEL_DIAGNOSTICS_DIR=\"$BUILD_DIR/../../bazel-xcode-diagnostics/\"\nmkdir -p $BAZEL_DIAGNOSTICS_DIR\nexport DATE_SUFFIX=\"$(date +%Y%m%d.%H%M%S%L)\"\nexport BAZEL_BUILD_EVENT_TEXT_FILENAME=\"$BAZEL_DIAGNOSTICS_DIR/build-event-$DATE_SUFFIX.txt\"\nexport BAZEL_BUILD_EXECUTION_LOG_FILENAME=\"$BAZEL_DIAGNOSTICS_DIR/build-execution-log-$DATE_SUFFIX.log\"\nexport BAZEL_PROFILE_FILENAME=\"$BAZEL_DIAGNOSTICS_DIR/build-profile-$DATE_SUFFIX.log\"\nenv -u RUBYOPT -u RUBY_HOME -u GEM_HOME $BAZEL_BUILD_EXEC $BAZEL_BUILD_TARGET_LABEL\n$BAZEL_INSTALLER\n";
		};
		40CA5EFAB6C237D56413FD62 /* Build with bazel */ = {
			isa = PBXShellScriptBuildPhase;
			buildActionMask = 2147483647;
			files = (
			);
			inputFileListPaths = (
			);
			inputPaths = (
			);
			name = "Build with bazel";
			outputFileListPaths = (
			);
			outputPaths = (
			);
			runOnlyForDeploymentPostprocessing = 0;
			shellPath = /bin/sh;
			shellScript = "\nset -euxo pipefail\ncd $BAZEL_WORKSPACE_ROOT\n\nexport BAZEL_DIAGNOSTICS_DIR=\"$BUILD_DIR/../../bazel-xcode-diagnostics/\"\nmkdir -p $BAZEL_DIAGNOSTICS_DIR\nexport DATE_SUFFIX=\"$(date +%Y%m%d.%H%M%S%L)\"\nexport BAZEL_BUILD_EVENT_TEXT_FILENAME=\"$BAZEL_DIAGNOSTICS_DIR/build-event-$DATE_SUFFIX.txt\"\nexport BAZEL_BUILD_EXECUTION_LOG_FILENAME=\"$BAZEL_DIAGNOSTICS_DIR/build-execution-log-$DATE_SUFFIX.log\"\nexport BAZEL_PROFILE_FILENAME=\"$BAZEL_DIAGNOSTICS_DIR/build-profile-$DATE_SUFFIX.log\"\nenv -u RUBYOPT -u RUBY_HOME -u GEM_HOME $BAZEL_BUILD_EXEC $BAZEL_BUILD_TARGET_LABEL\n$BAZEL_INSTALLER\n";
		};
/* End PBXShellScriptBuildPhase section */

/* Begin PBXSourcesBuildPhase section */
		0BF63631C0745E1453F975E0 /* Sources */ = {
			isa = PBXSourcesBuildPhase;
			buildActionMask = 2147483647;
			files = (
				82542028BC353DB2B371D1A4 /* test.m in Sources */,
				BC98EAAB1F01FB2A8C350D1E /* test.swift in Sources */,
				91FC5E55B36FDDD693DACF76 /* testhelper.m in Sources */,
			);
			runOnlyForDeploymentPostprocessing = 0;
		};
		7BCB75740E49784B22F0FC74 /* Sources */ = {
			isa = PBXSourcesBuildPhase;
			buildActionMask = 2147483647;
			files = (
				81D34B301E2D17CFD9C05D07 /* empty.swift in Sources */,
				48D4192F30D82AA79C2EF551 /* main.m in Sources */,
			);
			runOnlyForDeploymentPostprocessing = 0;
		};
/* End PBXSourcesBuildPhase section */

/* Begin PBXTargetDependency section */
		2A4D10F447EE1D6938EFE611 /* PBXTargetDependency */ = {
			isa = PBXTargetDependency;
			target = DBF60C33973C9F54F27A9631 /* TestImports-App */;
			targetProxy = E8D1D5A67647A6479631DE95 /* PBXContainerItemProxy */;
		};
/* End PBXTargetDependency section */

/* Begin XCBuildConfiguration section */
		03FEB52B85B643B1A23EC8BD /* Debug */ = {
			isa = XCBuildConfiguration;
			buildSettings = {
				BAZEL_ADDITIONAL_BAZEL_BUILD_OPTIONS = "";
				BAZEL_ADDITIONAL_LLDB_SETTINGS = "";
				BAZEL_BUILD_EXEC = "$BAZEL_STUBS_DIR/build-wrapper";
				BAZEL_CONFIGS = (
				);
				BAZEL_EXECUTION_LOG_ENABLED = 0;
				BAZEL_INSTALLER = $BAZEL_INSTALLERS_DIR/installer;
				BAZEL_INSTALLERS_DIR = $PROJECT_FILE_PATH/bazelinstallers;
				BAZEL_OUTPUT_PROCESSOR = "$BAZEL_STUBS_DIR/output-processor.rb";
				BAZEL_PATH = bazelisk;
				BAZEL_PROFILE_ENABLED = 0;
				BAZEL_STUBS_DIR = $PROJECT_FILE_PATH/bazelstubs;
				BAZEL_WORKSPACE_ROOT = $SRCROOT/../../..;
				CC = "$BAZEL_STUBS_DIR/clang-stub";
				CLANG_ANALYZER_EXEC = $CC;
				CODE_SIGNING_ALLOWED = 0;
				CXX = $CC;
				DEBUG_INFORMATION_FORMAT = dwarf;
				DONT_RUN_SWIFT_STDLIB_TOOL = 1;
				GCC_PREPROCESSOR_DEFINITIONS = DEBUG;
				LD = "$BAZEL_STUBS_DIR/ld-stub";
				LIBTOOL = /usr/bin/true;
				OTHER_LDFLAGS = "-fuse-ld=$BAZEL_STUBS_DIR/ld-stub";
				SDKROOT = iphoneos;
				SWIFT_ACTIVE_COMPILATION_CONDITIONS = DEBUG;
				SWIFT_EXEC = "$BAZEL_STUBS_DIR/swiftc-stub";
				SWIFT_OBJC_INTERFACE_HEADER_NAME = "";
				SWIFT_VERSION = 5;
				USE_HEADERMAP = 0;
			};
			name = Debug;
		};
		1B0FC9BBF9AC4783E7F4FA5E /* Release */ = {
			isa = XCBuildConfiguration;
			buildSettings = {
				BAZEL_BIN_SUBDIR = "/tests/ios/unit-test/test-imports-app";
				BAZEL_BUILD_TARGET_LABEL = "tests/ios/unit-test/test-imports-app:TestImports-Unit-Tests";
				BAZEL_BUILD_TARGET_WORKSPACE = build_bazel_rules_ios;
				BAZEL_LLDB_INIT_FILE = "$CONFIGURATION_TEMP_DIR/TestImports-Unit-Tests.lldbinit";
				BAZEL_LLDB_SWIFT_EXTRA_CLANG_FLAGS = "";
				BAZEL_SWIFTMODULEFILES_TO_COPY = "bazel-out/ios-x86_64-min12.0-applebin_ios-ios_x86_64-dbg-ST-84e06abcb3f0/bin/tests/ios/unit-test/test-imports-app/TestImports_Unit_Tests.swiftmodule bazel-out/ios-x86_64-min12.0-applebin_ios-ios_x86_64-dbg-ST-84e06abcb3f0/bin/tests/ios/unit-test/test-imports-app/TestImports_Unit_Tests.swiftdoc bazel-out/ios-x86_64-min12.0-applebin_ios-ios_x86_64-dbg-ST-84e06abcb3f0/bin/tests/ios/unit-test/test-imports-app/TestImports_Unit_Tests.swiftsourceinfo";
				CLANG_ENABLE_MODULES = YES;
				CLANG_ENABLE_OBJC_ARC = YES;
				FRAMEWORK_SEARCH_PATHS = "$(PLATFORM_DIR)/Developer/Library/Frameworks \"$BAZEL_WORKSPACE_ROOT/bazel-out/ios-x86_64-min12.0-applebin_ios-ios_x86_64-dbg-ST-84e06abcb3f0/bin/tests/ios/unit-test/test-imports-app/TestImports-App_framework_unlinked\" \"$BAZEL_WORKSPACE_ROOT/external/TensorFlowLiteC/Frameworks\" \"$BAZEL_WORKSPACE_ROOT/external/GoogleMobileAdsSDK/Frameworks/GoogleMobileAdsFramework-Current/GoogleMobileAds.xcframework/ios-arm64_x86_64-simulator\" \"$BAZEL_WORKSPACE_ROOT/bazel-out/ios-x86_64-min12.0-applebin_ios-ios_x86_64-dbg-ST-84e06abcb3f0/bin/tests/ios/unit-test/test-imports-app/TestImports-App_framework_unlinked\" \"$BAZEL_WORKSPACE_ROOT/external/TensorFlowLiteC/Frameworks\" \"$BAZEL_WORKSPACE_ROOT/external/GoogleMobileAdsSDK/Frameworks/GoogleMobileAdsFramework-Current/GoogleMobileAds.xcframework/ios-arm64_x86_64-simulator\"";
				GCC_PREPROCESSOR_DEFINITIONS = "$(inherited)";
				HEADER_SEARCH_PATHS = "\"$BAZEL_WORKSPACE_ROOT/bazel-out/ios-x86_64-min12.0-applebin_ios-ios_x86_64-dbg-ST-84e06abcb3f0/bin/tests/ios/unit-test/test-imports-app/TestImports-Unit-Tests_public_hmap.hmap\" \"$BAZEL_WORKSPACE_ROOT/bazel-out/ios-x86_64-min12.0-applebin_ios-ios_x86_64-dbg-ST-84e06abcb3f0/bin/tests/ios/unit-test/test-imports-app/TestImports-Unit-Tests_private_hmap.hmap\" \"$BAZEL_WORKSPACE_ROOT/bazel-out/ios-x86_64-min12.0-applebin_ios-ios_x86_64-dbg-ST-84e06abcb3f0/bin/tests/ios/unit-test/test-imports-app/TestImports-Unit-Tests_swift_doublequote_hmap.hmap\" \"$BAZEL_WORKSPACE_ROOT/bazel-out/ios-x86_64-min12.0-applebin_ios-ios_x86_64-dbg-ST-84e06abcb3f0/bin/tests/ios/unit-test/test-imports-app/TestImports-Unit-Tests_swift_angle_bracket_hmap.hmap\" \"$BAZEL_WORKSPACE_ROOT/bazel-out/ios-x86_64-min12.0-applebin_ios-ios_x86_64-dbg-ST-84e06abcb3f0/bin/tests/ios/unit-test/test-imports-app/TestImports-Unit-Tests_public_hmap.hmap\" \"$BAZEL_WORKSPACE_ROOT/bazel-out/ios-x86_64-min12.0-applebin_ios-ios_x86_64-dbg-ST-84e06abcb3f0/bin/tests/ios/unit-test/test-imports-app/TestImports-Unit-Tests_private_hmap.hmap\" \"$BAZEL_WORKSPACE_ROOT/bazel-out/ios-x86_64-min12.0-applebin_ios-ios_x86_64-dbg-ST-84e06abcb3f0/bin/tests/ios/unit-test/test-imports-app/TestImports-Unit-Tests_swift_doublequote_hmap.hmap\" \"$BAZEL_WORKSPACE_ROOT/bazel-out/ios-x86_64-min12.0-applebin_ios-ios_x86_64-dbg-ST-84e06abcb3f0/bin/tests/ios/unit-test/test-imports-app/TestImports-Unit-Tests_swift_angle_bracket_hmap.hmap\" \"$BAZEL_WORKSPACE_ROOT\"";
				IPHONEOS_DEPLOYMENT_TARGET = 12.0;
				MACH_O_TYPE = "$(inherited)";
				ONLY_ACTIVE_ARCH = YES;
				PRODUCT_NAME = "TestImports-Unit-Tests";
				SUPPORTS_MACCATALYST = 0;
				SWIFT_ACTIVE_COMPILATION_CONDITIONS = "\"$(inherited)\"";
				TEST_HOST = "$(BUILT_PRODUCTS_DIR)/TestImports-App.app/TestImports-App";
			};
			name = Release;
		};
		34F5A4E2F6384FB8A2DD5F97 /* Release */ = {
			isa = XCBuildConfiguration;
			buildSettings = {
				BAZEL_ADDITIONAL_BAZEL_BUILD_OPTIONS = "";
				BAZEL_ADDITIONAL_LLDB_SETTINGS = "";
				BAZEL_BUILD_EXEC = "$BAZEL_STUBS_DIR/build-wrapper";
				BAZEL_CONFIGS = (
				);
				BAZEL_EXECUTION_LOG_ENABLED = 0;
				BAZEL_INSTALLER = $BAZEL_INSTALLERS_DIR/installer;
				BAZEL_INSTALLERS_DIR = $PROJECT_FILE_PATH/bazelinstallers;
				BAZEL_OUTPUT_PROCESSOR = "$BAZEL_STUBS_DIR/output-processor.rb";
				BAZEL_PATH = bazelisk;
				BAZEL_PROFILE_ENABLED = 0;
				BAZEL_STUBS_DIR = $PROJECT_FILE_PATH/bazelstubs;
				BAZEL_WORKSPACE_ROOT = $SRCROOT/../../..;
				CC = "$BAZEL_STUBS_DIR/clang-stub";
				CLANG_ANALYZER_EXEC = $CC;
				CODE_SIGNING_ALLOWED = 0;
				CXX = $CC;
				DEBUG_INFORMATION_FORMAT = dwarf;
				DONT_RUN_SWIFT_STDLIB_TOOL = 1;
				LD = "$BAZEL_STUBS_DIR/ld-stub";
				LIBTOOL = /usr/bin/true;
				OTHER_LDFLAGS = "-fuse-ld=$BAZEL_STUBS_DIR/ld-stub";
				SDKROOT = iphoneos;
				SWIFT_EXEC = "$BAZEL_STUBS_DIR/swiftc-stub";
				SWIFT_OBJC_INTERFACE_HEADER_NAME = "";
				SWIFT_VERSION = 5;
				USE_HEADERMAP = 0;
			};
			name = Release;
		};
		4B13273A0A80F73965282211 /* Release */ = {
			isa = XCBuildConfiguration;
			buildSettings = {
				BAZEL_BIN_SUBDIR = "/tests/ios/unit-test/test-imports-app";
				BAZEL_BUILD_TARGET_LABEL = "tests/ios/unit-test/test-imports-app:TestImports-App";
				BAZEL_BUILD_TARGET_WORKSPACE = build_bazel_rules_ios;
				BAZEL_LLDB_INIT_FILE = "$CONFIGURATION_TEMP_DIR/TestImports-App.lldbinit";
				BAZEL_LLDB_SWIFT_EXTRA_CLANG_FLAGS = "";
				BAZEL_SWIFTMODULEFILES_TO_COPY = "bazel-out/ios-x86_64-min12.0-applebin_ios-ios_x86_64-dbg-ST-84e06abcb3f0/bin/tests/ios/unit-test/test-imports-app/TestImports_App.swiftmodule bazel-out/ios-x86_64-min12.0-applebin_ios-ios_x86_64-dbg-ST-84e06abcb3f0/bin/tests/ios/unit-test/test-imports-app/TestImports_App.swiftdoc bazel-out/ios-x86_64-min12.0-applebin_ios-ios_x86_64-dbg-ST-84e06abcb3f0/bin/tests/ios/unit-test/test-imports-app/TestImports_App.swiftsourceinfo";
				CLANG_ENABLE_MODULES = YES;
				CLANG_ENABLE_OBJC_ARC = YES;
				FRAMEWORK_SEARCH_PATHS = "$(PLATFORM_DIR)/Developer/Library/Frameworks \"$BAZEL_WORKSPACE_ROOT/external/GoogleMobileAdsSDK/Frameworks/GoogleMobileAdsFramework-Current/GoogleMobileAds.xcframework/ios-arm64_x86_64-simulator\" \"$BAZEL_WORKSPACE_ROOT/external/TensorFlowLiteC/Frameworks\" \"$BAZEL_WORKSPACE_ROOT/bazel-out/ios-x86_64-min12.0-applebin_ios-ios_x86_64-dbg-ST-84e06abcb3f0/bin/tests/ios/unit-test/test-imports-app/SomeFramework\" \"$BAZEL_WORKSPACE_ROOT/tests/ios/unit-test/test-imports-app/frameworks/Basic/ios\"";
				GCC_PREPROCESSOR_DEFINITIONS = "$(inherited)";
				HEADER_SEARCH_PATHS = "\"$BAZEL_WORKSPACE_ROOT/bazel-out/ios-x86_64-min12.0-applebin_ios-ios_x86_64-dbg-ST-84e06abcb3f0/bin/tests/ios/unit-test/test-imports-app/TestImports-App_public_hmap.hmap\" \"$BAZEL_WORKSPACE_ROOT/bazel-out/ios-x86_64-min12.0-applebin_ios-ios_x86_64-dbg-ST-84e06abcb3f0/bin/tests/ios/unit-test/test-imports-app/TestImports-App_private_hmap.hmap\" \"$BAZEL_WORKSPACE_ROOT/bazel-out/ios-x86_64-min12.0-applebin_ios-ios_x86_64-dbg-ST-84e06abcb3f0/bin/tests/ios/unit-test/test-imports-app/TestImports-App_swift_doublequote_hmap.hmap\" \"$BAZEL_WORKSPACE_ROOT/bazel-out/ios-x86_64-min12.0-applebin_ios-ios_x86_64-dbg-ST-84e06abcb3f0/bin/tests/ios/unit-test/test-imports-app/TestImports-App_swift_angle_bracket_hmap.hmap\" \"$BAZEL_WORKSPACE_ROOT\"";
				INFOPLIST_FILE = "$BAZEL_STUBS_DIR/Info-stub.plist";
				IPHONEOS_DEPLOYMENT_TARGET = 12.0;
				MACH_O_TYPE = "$(inherited)";
				ONLY_ACTIVE_ARCH = YES;
				PRODUCT_BUNDLE_IDENTIFIER = "com.example.TestImports-App";
				PRODUCT_NAME = "TestImports-App";
				SWIFT_ACTIVE_COMPILATION_CONDITIONS = "\"$(inherited)\"";
				TARGETED_DEVICE_FAMILY = "2,1";
			};
			name = Release;
		};
		C23917B1FC7197A147F6F0C2 /* Debug */ = {
			isa = XCBuildConfiguration;
			buildSettings = {
				BAZEL_BIN_SUBDIR = "/tests/ios/unit-test/test-imports-app";
				BAZEL_BUILD_TARGET_LABEL = "tests/ios/unit-test/test-imports-app:TestImports-App";
				BAZEL_BUILD_TARGET_WORKSPACE = build_bazel_rules_ios;
				BAZEL_LLDB_INIT_FILE = "$CONFIGURATION_TEMP_DIR/TestImports-App.lldbinit";
				BAZEL_LLDB_SWIFT_EXTRA_CLANG_FLAGS = "";
				BAZEL_SWIFTMODULEFILES_TO_COPY = "bazel-out/ios-x86_64-min12.0-applebin_ios-ios_x86_64-dbg-ST-84e06abcb3f0/bin/tests/ios/unit-test/test-imports-app/TestImports_App.swiftmodule bazel-out/ios-x86_64-min12.0-applebin_ios-ios_x86_64-dbg-ST-84e06abcb3f0/bin/tests/ios/unit-test/test-imports-app/TestImports_App.swiftdoc bazel-out/ios-x86_64-min12.0-applebin_ios-ios_x86_64-dbg-ST-84e06abcb3f0/bin/tests/ios/unit-test/test-imports-app/TestImports_App.swiftsourceinfo";
				CLANG_ENABLE_MODULES = YES;
				CLANG_ENABLE_OBJC_ARC = YES;
				FRAMEWORK_SEARCH_PATHS = "$(PLATFORM_DIR)/Developer/Library/Frameworks \"$BAZEL_WORKSPACE_ROOT/external/GoogleMobileAdsSDK/Frameworks/GoogleMobileAdsFramework-Current/GoogleMobileAds.xcframework/ios-arm64_x86_64-simulator\" \"$BAZEL_WORKSPACE_ROOT/external/TensorFlowLiteC/Frameworks\" \"$BAZEL_WORKSPACE_ROOT/bazel-out/ios-x86_64-min12.0-applebin_ios-ios_x86_64-dbg-ST-84e06abcb3f0/bin/tests/ios/unit-test/test-imports-app/SomeFramework\" \"$BAZEL_WORKSPACE_ROOT/tests/ios/unit-test/test-imports-app/frameworks/Basic/ios\"";
				GCC_PREPROCESSOR_DEFINITIONS = "$(inherited)";
				HEADER_SEARCH_PATHS = "\"$BAZEL_WORKSPACE_ROOT/bazel-out/ios-x86_64-min12.0-applebin_ios-ios_x86_64-dbg-ST-84e06abcb3f0/bin/tests/ios/unit-test/test-imports-app/TestImports-App_public_hmap.hmap\" \"$BAZEL_WORKSPACE_ROOT/bazel-out/ios-x86_64-min12.0-applebin_ios-ios_x86_64-dbg-ST-84e06abcb3f0/bin/tests/ios/unit-test/test-imports-app/TestImports-App_private_hmap.hmap\" \"$BAZEL_WORKSPACE_ROOT/bazel-out/ios-x86_64-min12.0-applebin_ios-ios_x86_64-dbg-ST-84e06abcb3f0/bin/tests/ios/unit-test/test-imports-app/TestImports-App_swift_doublequote_hmap.hmap\" \"$BAZEL_WORKSPACE_ROOT/bazel-out/ios-x86_64-min12.0-applebin_ios-ios_x86_64-dbg-ST-84e06abcb3f0/bin/tests/ios/unit-test/test-imports-app/TestImports-App_swift_angle_bracket_hmap.hmap\" \"$BAZEL_WORKSPACE_ROOT\"";
				INFOPLIST_FILE = "$BAZEL_STUBS_DIR/Info-stub.plist";
				IPHONEOS_DEPLOYMENT_TARGET = 12.0;
				MACH_O_TYPE = "$(inherited)";
				ONLY_ACTIVE_ARCH = YES;
				PRODUCT_BUNDLE_IDENTIFIER = "com.example.TestImports-App";
				PRODUCT_NAME = "TestImports-App";
				SWIFT_ACTIVE_COMPILATION_CONDITIONS = "\"$(inherited)\"";
				TARGETED_DEVICE_FAMILY = "2,1";
			};
			name = Debug;
		};
		C2A2DD49270AF7582D699255 /* Debug */ = {
			isa = XCBuildConfiguration;
			buildSettings = {
				BAZEL_BIN_SUBDIR = "/tests/ios/unit-test/test-imports-app";
				BAZEL_BUILD_TARGET_LABEL = "tests/ios/unit-test/test-imports-app:TestImports-Unit-Tests";
				BAZEL_BUILD_TARGET_WORKSPACE = build_bazel_rules_ios;
				BAZEL_LLDB_INIT_FILE = "$CONFIGURATION_TEMP_DIR/TestImports-Unit-Tests.lldbinit";
				BAZEL_LLDB_SWIFT_EXTRA_CLANG_FLAGS = "";
				BAZEL_SWIFTMODULEFILES_TO_COPY = "bazel-out/ios-x86_64-min12.0-applebin_ios-ios_x86_64-dbg-ST-84e06abcb3f0/bin/tests/ios/unit-test/test-imports-app/TestImports_Unit_Tests.swiftmodule bazel-out/ios-x86_64-min12.0-applebin_ios-ios_x86_64-dbg-ST-84e06abcb3f0/bin/tests/ios/unit-test/test-imports-app/TestImports_Unit_Tests.swiftdoc bazel-out/ios-x86_64-min12.0-applebin_ios-ios_x86_64-dbg-ST-84e06abcb3f0/bin/tests/ios/unit-test/test-imports-app/TestImports_Unit_Tests.swiftsourceinfo";
				CLANG_ENABLE_MODULES = YES;
				CLANG_ENABLE_OBJC_ARC = YES;
				FRAMEWORK_SEARCH_PATHS = "$(PLATFORM_DIR)/Developer/Library/Frameworks \"$BAZEL_WORKSPACE_ROOT/bazel-out/ios-x86_64-min12.0-applebin_ios-ios_x86_64-dbg-ST-84e06abcb3f0/bin/tests/ios/unit-test/test-imports-app/TestImports-App_framework_unlinked\" \"$BAZEL_WORKSPACE_ROOT/external/TensorFlowLiteC/Frameworks\" \"$BAZEL_WORKSPACE_ROOT/external/GoogleMobileAdsSDK/Frameworks/GoogleMobileAdsFramework-Current/GoogleMobileAds.xcframework/ios-arm64_x86_64-simulator\" \"$BAZEL_WORKSPACE_ROOT/bazel-out/ios-x86_64-min12.0-applebin_ios-ios_x86_64-dbg-ST-84e06abcb3f0/bin/tests/ios/unit-test/test-imports-app/TestImports-App_framework_unlinked\" \"$BAZEL_WORKSPACE_ROOT/external/TensorFlowLiteC/Frameworks\" \"$BAZEL_WORKSPACE_ROOT/external/GoogleMobileAdsSDK/Frameworks/GoogleMobileAdsFramework-Current/GoogleMobileAds.xcframework/ios-arm64_x86_64-simulator\"";
				GCC_PREPROCESSOR_DEFINITIONS = "$(inherited)";
				HEADER_SEARCH_PATHS = "\"$BAZEL_WORKSPACE_ROOT/bazel-out/ios-x86_64-min12.0-applebin_ios-ios_x86_64-dbg-ST-84e06abcb3f0/bin/tests/ios/unit-test/test-imports-app/TestImports-Unit-Tests_public_hmap.hmap\" \"$BAZEL_WORKSPACE_ROOT/bazel-out/ios-x86_64-min12.0-applebin_ios-ios_x86_64-dbg-ST-84e06abcb3f0/bin/tests/ios/unit-test/test-imports-app/TestImports-Unit-Tests_private_hmap.hmap\" \"$BAZEL_WORKSPACE_ROOT/bazel-out/ios-x86_64-min12.0-applebin_ios-ios_x86_64-dbg-ST-84e06abcb3f0/bin/tests/ios/unit-test/test-imports-app/TestImports-Unit-Tests_swift_doublequote_hmap.hmap\" \"$BAZEL_WORKSPACE_ROOT/bazel-out/ios-x86_64-min12.0-applebin_ios-ios_x86_64-dbg-ST-84e06abcb3f0/bin/tests/ios/unit-test/test-imports-app/TestImports-Unit-Tests_swift_angle_bracket_hmap.hmap\" \"$BAZEL_WORKSPACE_ROOT/bazel-out/ios-x86_64-min12.0-applebin_ios-ios_x86_64-dbg-ST-84e06abcb3f0/bin/tests/ios/unit-test/test-imports-app/TestImports-Unit-Tests_public_hmap.hmap\" \"$BAZEL_WORKSPACE_ROOT/bazel-out/ios-x86_64-min12.0-applebin_ios-ios_x86_64-dbg-ST-84e06abcb3f0/bin/tests/ios/unit-test/test-imports-app/TestImports-Unit-Tests_private_hmap.hmap\" \"$BAZEL_WORKSPACE_ROOT/bazel-out/ios-x86_64-min12.0-applebin_ios-ios_x86_64-dbg-ST-84e06abcb3f0/bin/tests/ios/unit-test/test-imports-app/TestImports-Unit-Tests_swift_doublequote_hmap.hmap\" \"$BAZEL_WORKSPACE_ROOT/bazel-out/ios-x86_64-min12.0-applebin_ios-ios_x86_64-dbg-ST-84e06abcb3f0/bin/tests/ios/unit-test/test-imports-app/TestImports-Unit-Tests_swift_angle_bracket_hmap.hmap\" \"$BAZEL_WORKSPACE_ROOT\"";
				IPHONEOS_DEPLOYMENT_TARGET = 12.0;
				MACH_O_TYPE = "$(inherited)";
				ONLY_ACTIVE_ARCH = YES;
				PRODUCT_NAME = "TestImports-Unit-Tests";
				SUPPORTS_MACCATALYST = 0;
				SWIFT_ACTIVE_COMPILATION_CONDITIONS = "\"$(inherited)\"";
				TEST_HOST = "$(BUILT_PRODUCTS_DIR)/TestImports-App.app/TestImports-App";
			};
			name = Debug;
		};
/* End XCBuildConfiguration section */

/* Begin XCConfigurationList section */
		493718939C46C5BDC6BF7BF4 /* Build configuration list for PBXNativeTarget "TestImports-Unit-Tests" */ = {
			isa = XCConfigurationList;
			buildConfigurations = (
				C2A2DD49270AF7582D699255 /* Debug */,
				1B0FC9BBF9AC4783E7F4FA5E /* Release */,
			);
			defaultConfigurationIsVisible = 0;
			defaultConfigurationName = Debug;
		};
		B2500B3F4A3F1EA143606850 /* Build configuration list for PBXProject "Test-Provide-Build-Settings-From-Target-For-Pre-Post-Actions" */ = {
			isa = XCConfigurationList;
			buildConfigurations = (
				03FEB52B85B643B1A23EC8BD /* Debug */,
				34F5A4E2F6384FB8A2DD5F97 /* Release */,
			);
			defaultConfigurationIsVisible = 0;
			defaultConfigurationName = Debug;
		};
		DBEE0A16925E0F59494A84F5 /* Build configuration list for PBXNativeTarget "TestImports-App" */ = {
			isa = XCConfigurationList;
			buildConfigurations = (
				C23917B1FC7197A147F6F0C2 /* Debug */,
				4B13273A0A80F73965282211 /* Release */,
			);
			defaultConfigurationIsVisible = 0;
			defaultConfigurationName = Debug;
		};
/* End XCConfigurationList section */
	};
	rootObject = E37AB391F72D82A5E5269D09 /* Project object */;
}
