// !$*UTF8*$!
{
	archiveVersion = 1;
	classes = {
	};
	objectVersion = 51;
	objects = {

/* Begin PBXBuildFile section */
		6868785A8F571C49259B50E0 /* main.m in Sources */ = {isa = PBXBuildFile; fileRef = EEB1C98DB4C8E24414A69917 /* main.m */; };
		7107AA0AF5DFAFE1B11E9DC8 /* test.swift in Sources */ = {isa = PBXBuildFile; fileRef = C4FEC38504C5EFA9EB5ABC22 /* test.swift */; };
		BA6A37B8A061B06D8B89EF2E /* test.swift in Sources */ = {isa = PBXBuildFile; fileRef = C4FEC38504C5EFA9EB5ABC22 /* test.swift */; };
/* End PBXBuildFile section */

/* Begin PBXFileReference section */
		4C5CCDAF660EA165B074B8BD /* resource_bundle.plist */ = {isa = PBXFileReference; lastKnownFileType = text.plist; name = resource_bundle.plist; path = ../../rules/library/resource_bundle.plist; sourceTree = "<group>"; };
		5976518F3C0E5F4753E44514 /* Single-Application-RunnableTestSuite.xctest */ = {isa = PBXFileReference; includeInIndex = 0; lastKnownFileType = wrapper.cfbundle; path = "Single-Application-RunnableTestSuite.xctest"; sourceTree = BUILT_PRODUCTS_DIR; };
		78FAC8B505DC9C839473A482 /* iOS-12.0-AppHost.app */ = {isa = PBXFileReference; includeInIndex = 0; lastKnownFileType = wrapper.application; path = "iOS-12.0-AppHost.app"; sourceTree = BUILT_PRODUCTS_DIR; };
		7ABD95023B71172929B010EE /* common.pch */ = {isa = PBXFileReference; lastKnownFileType = sourcecode.c.h; name = common.pch; path = ../../rules/library/common.pch; sourceTree = "<group>"; };
		908EFE5EAE901D6B372D68F7 /* ios.entitlements */ = {isa = PBXFileReference; lastKnownFileType = text.plist.entitlements; name = ios.entitlements; path = ../../rules/test_host_app/ios.entitlements; sourceTree = "<group>"; };
		BFC300E7CF04688067094BFF /* Contents.json */ = {isa = PBXFileReference; lastKnownFileType = text.json; name = Contents.json; path = ../../rules/test_host_app/AssetCatalogFixture.xcassets/Contents.json; sourceTree = "<group>"; };
		C4FEC38504C5EFA9EB5ABC22 /* test.swift */ = {isa = PBXFileReference; lastKnownFileType = sourcecode.swift; name = test.swift; path = test.swift; sourceTree = "<group>"; };
		EEB1C98DB4C8E24414A69917 /* main.m */ = {isa = PBXFileReference; lastKnownFileType = sourcecode.c.objc; name = main.m; path = ../../rules/test_host_app/main.m; sourceTree = "<group>"; };
		EFADB1CE81C3F97F647C9255 /* Single-Application-UnitTests.xctest */ = {isa = PBXFileReference; includeInIndex = 0; lastKnownFileType = wrapper.cfbundle; path = "Single-Application-UnitTests.xctest"; sourceTree = BUILT_PRODUCTS_DIR; };
/* End PBXFileReference section */

/* Begin PBXGroup section */
		0E2CEDC8EC87B38723449716 = {
			isa = PBXGroup;
			children = (
				D5DFC35BDCA2F1C8B03233AF /* rules */,
				B9EA5090755F274681D48FBB /* tests */,
				39BC217F37AF4DE132EB386D /* Products */,
			);
			sourceTree = "<group>";
		};
		180CD058CAE61A960B64C45A /* test_host_app */ = {
			isa = PBXGroup;
			children = (
				7CCE59C7822E18EBC1CD9D6D /* AssetCatalogFixture.xcassets */,
				908EFE5EAE901D6B372D68F7 /* ios.entitlements */,
				EEB1C98DB4C8E24414A69917 /* main.m */,
			);
			name = test_host_app;
			sourceTree = "<group>";
		};
		39BC217F37AF4DE132EB386D /* Products */ = {
			isa = PBXGroup;
			children = (
				78FAC8B505DC9C839473A482 /* iOS-12.0-AppHost.app */,
				5976518F3C0E5F4753E44514 /* Single-Application-RunnableTestSuite.xctest */,
				EFADB1CE81C3F97F647C9255 /* Single-Application-UnitTests.xctest */,
			);
			name = Products;
			sourceTree = "<group>";
		};
		5A1056A78C2ED4B5FBF2D10F /* library */ = {
			isa = PBXGroup;
			children = (
				7ABD95023B71172929B010EE /* common.pch */,
				4C5CCDAF660EA165B074B8BD /* resource_bundle.plist */,
			);
			name = library;
			sourceTree = "<group>";
		};
		7CCE59C7822E18EBC1CD9D6D /* AssetCatalogFixture.xcassets */ = {
			isa = PBXGroup;
			children = (
				BFC300E7CF04688067094BFF /* Contents.json */,
			);
			name = AssetCatalogFixture.xcassets;
			sourceTree = "<group>";
		};
		A15FD4ED9DCE6442AE542DB1 /* xcodeproj */ = {
			isa = PBXGroup;
			children = (
				C4FEC38504C5EFA9EB5ABC22 /* test.swift */,
			);
			name = xcodeproj;
			sourceTree = "<group>";
		};
		B9EA5090755F274681D48FBB /* tests */ = {
			isa = PBXGroup;
			children = (
				A15FD4ED9DCE6442AE542DB1 /* xcodeproj */,
			);
			name = tests;
			sourceTree = "<group>";
		};
		D5DFC35BDCA2F1C8B03233AF /* rules */ = {
			isa = PBXGroup;
			children = (
				5A1056A78C2ED4B5FBF2D10F /* library */,
				180CD058CAE61A960B64C45A /* test_host_app */,
			);
			name = rules;
			sourceTree = "<group>";
		};
/* End PBXGroup section */

/* Begin PBXNativeTarget section */
		4B1E0B5191F71B8F6E65F0B7 /* iOS-12.0-AppHost */ = {
			isa = PBXNativeTarget;
			buildConfigurationList = B786FFAF7F5DCB5B8AB130C3 /* Build configuration list for PBXNativeTarget "iOS-12.0-AppHost" */;
			buildPhases = (
				8C9FD347EEDF21022077C21D /* Build with bazel */,
				BFFEE818E683647AE90A0125 /* Sources */,
			);
			buildRules = (
			);
			dependencies = (
			);
			name = "iOS-12.0-AppHost";
			productName = "iOS-12.0-AppHost";
			productReference = 78FAC8B505DC9C839473A482 /* iOS-12.0-AppHost.app */;
			productType = "com.apple.product-type.application";
		};
		69C247D461E2D715D19CB6DA /* Single-Application-RunnableTestSuite */ = {
			isa = PBXNativeTarget;
			buildConfigurationList = 7A662457E5D1C93CC2E6A723 /* Build configuration list for PBXNativeTarget "Single-Application-RunnableTestSuite" */;
			buildPhases = (
				454C052E9DE1D15BBDD2BF04 /* Build with bazel */,
				128DE8F8008C47112C08D774 /* Sources */,
			);
			buildRules = (
			);
			dependencies = (
			);
			name = "Single-Application-RunnableTestSuite";
			productName = "Single-Application-RunnableTestSuite";
			productReference = 5976518F3C0E5F4753E44514 /* Single-Application-RunnableTestSuite.xctest */;
			productType = "com.apple.product-type.bundle.unit-test";
		};
		A1D0F6B77E2D517AC62A5A1B /* Single-Application-UnitTests */ = {
			isa = PBXNativeTarget;
			buildConfigurationList = A9D000AC6FBD93BBC4171360 /* Build configuration list for PBXNativeTarget "Single-Application-UnitTests" */;
			buildPhases = (
				CEFFC66550AFA438E8952334 /* Build with bazel */,
				F85DC8F1202FF5CBA74B8918 /* Sources */,
			);
			buildRules = (
			);
			dependencies = (
			);
			name = "Single-Application-UnitTests";
			productName = "Single-Application-UnitTests";
			productReference = EFADB1CE81C3F97F647C9255 /* Single-Application-UnitTests.xctest */;
			productType = "com.apple.product-type.bundle.unit-test";
		};
/* End PBXNativeTarget section */

/* Begin PBXProject section */
		46323D8CD59A49C2E821AF84 /* Project object */ = {
			isa = PBXProject;
			attributes = {
				LastUpgradeCheck = 1020;
				TargetAttributes = {
				};
			};
			buildConfigurationList = BA2E38F7EDD931D888D74615 /* Build configuration list for PBXProject "Single-Application-Project-AllTargets" */;
			compatibilityVersion = "Xcode 10.0";
			developmentRegion = en;
			hasScannedForEncodings = 0;
			knownRegions = (
				Base,
				en,
			);
			mainGroup = 0E2CEDC8EC87B38723449716;
			projectDirPath = "";
			projectRoot = "";
			targets = (
				69C247D461E2D715D19CB6DA /* Single-Application-RunnableTestSuite */,
				A1D0F6B77E2D517AC62A5A1B /* Single-Application-UnitTests */,
				4B1E0B5191F71B8F6E65F0B7 /* iOS-12.0-AppHost */,
			);
		};
/* End PBXProject section */

/* Begin PBXShellScriptBuildPhase section */
		454C052E9DE1D15BBDD2BF04 /* Build with bazel */ = {
			isa = PBXShellScriptBuildPhase;
			buildActionMask = 2147483647;
			files = (
			);
			inputFileListPaths = (
			);
			inputPaths = (
			);
			name = "Build with bazel";
			outputFileListPaths = (
			);
			outputPaths = (
			);
			runOnlyForDeploymentPostprocessing = 0;
			shellPath = /bin/sh;
			shellScript = "\nset -eux\ncd $BAZEL_WORKSPACE_ROOT\n\n$BAZEL_PATH build $BAZEL_PACKAGE:Single-Application-RunnableTestSuite_iPad-Air-2__12.4\n$BAZEL_INSTALLER\n";
		};
		8C9FD347EEDF21022077C21D /* Build with bazel */ = {
			isa = PBXShellScriptBuildPhase;
			buildActionMask = 2147483647;
			files = (
			);
			inputFileListPaths = (
			);
			inputPaths = (
			);
			name = "Build with bazel";
			outputFileListPaths = (
			);
			outputPaths = (
			);
			runOnlyForDeploymentPostprocessing = 0;
			shellPath = /bin/sh;
			shellScript = "\nset -eux\ncd $BAZEL_WORKSPACE_ROOT\n\n$BAZEL_PATH build $BAZEL_PACKAGE:iOS-12.0-AppHost\n$BAZEL_INSTALLER\n";
		};
		CEFFC66550AFA438E8952334 /* Build with bazel */ = {
			isa = PBXShellScriptBuildPhase;
			buildActionMask = 2147483647;
			files = (
			);
			inputFileListPaths = (
			);
			inputPaths = (
			);
			name = "Build with bazel";
			outputFileListPaths = (
			);
			outputPaths = (
			);
			runOnlyForDeploymentPostprocessing = 0;
			shellPath = /bin/sh;
			shellScript = "\nset -eux\ncd $BAZEL_WORKSPACE_ROOT\n\n$BAZEL_PATH build $BAZEL_PACKAGE:Single-Application-UnitTests\n$BAZEL_INSTALLER\n";
		};
/* End PBXShellScriptBuildPhase section */

/* Begin PBXSourcesBuildPhase section */
		128DE8F8008C47112C08D774 /* Sources */ = {
			isa = PBXSourcesBuildPhase;
			buildActionMask = 2147483647;
			files = (
				BA6A37B8A061B06D8B89EF2E /* test.swift in Sources */,
			);
			runOnlyForDeploymentPostprocessing = 0;
		};
		BFFEE818E683647AE90A0125 /* Sources */ = {
			isa = PBXSourcesBuildPhase;
			buildActionMask = 2147483647;
			files = (
				6868785A8F571C49259B50E0 /* main.m in Sources */,
			);
			runOnlyForDeploymentPostprocessing = 0;
		};
		F85DC8F1202FF5CBA74B8918 /* Sources */ = {
			isa = PBXSourcesBuildPhase;
			buildActionMask = 2147483647;
			files = (
				7107AA0AF5DFAFE1B11E9DC8 /* test.swift in Sources */,
			);
			runOnlyForDeploymentPostprocessing = 0;
		};
/* End PBXSourcesBuildPhase section */

/* Begin XCBuildConfiguration section */
		1ED5544822BB90C0310DECBF /* Debug */ = {
			isa = XCBuildConfiguration;
			buildSettings = {
				BAZEL_PACKAGE = tests/xcodeproj;
				MACH_O_TYPE = "$(inherited)";
				PRODUCT_NAME = "Single-Application-UnitTests";
			};
			name = Debug;
		};
		417C29AC852892B2A910C8D0 /* Debug */ = {
			isa = XCBuildConfiguration;
			buildSettings = {
				BAZEL_PACKAGE = rules/test_host_app;
				INFOPLIST_FILE = "$BAZEL_STUBS_DIR/Info-stub.plist";
				MACH_O_TYPE = "$(inherited)";
				PRODUCT_BUNDLE_IDENTIFIER = "com.example.ios-app-host-12.0";
				PRODUCT_NAME = "iOS-12.0-AppHost";
			};
			name = Debug;
		};
		54F7DEC875A2F5ED466FE588 /* Release */ = {
			isa = XCBuildConfiguration;
			buildSettings = {
				BAZEL_PACKAGE = rules/test_host_app;
				INFOPLIST_FILE = "$BAZEL_STUBS_DIR/Info-stub.plist";
				MACH_O_TYPE = "$(inherited)";
				PRODUCT_BUNDLE_IDENTIFIER = "com.example.ios-app-host-12.0";
				PRODUCT_NAME = "iOS-12.0-AppHost";
			};
			name = Release;
		};
		68A16F2D813AF1A4ADB2C835 /* Debug */ = {
			isa = XCBuildConfiguration;
			buildSettings = {
				BAZEL_INSTALLER = "$BAZEL_STUBS_DIR/tools/xcodeproj-shims/installer";
				BAZEL_PATH = bazelisk;
				BAZEL_STUBS_DIR = $PROJECT_FILE_PATH/bazelstubs;
				BAZEL_WORKSPACE_ROOT = $SRCROOT/../..;
				CC = "$BAZEL_STUBS_DIR/clang-stub";
				CLANG_ANALYZER_EXEC = $CC;
				CODE_SIGNING_ALLOWED = 0;
				CXX = $CC;
				DONT_RUN_SWIFT_STDLIB_TOOL = 1;
				LD = "$BAZEL_STUBS_DIR/ld-stub";
				LIBTOOL = /usr/bin/true;
				SDKROOT = iphoneos;
				SWIFT_EXEC = "$BAZEL_STUBS_DIR/swiftc-stub";
				SWIFT_OBJC_INTERFACE_HEADER_NAME = "";
				SWIFT_VERSION = 5;
			};
			name = Debug;
		};
		91DFFF9DBCE87E057346921A /* Release */ = {
			isa = XCBuildConfiguration;
			buildSettings = {
				BAZEL_INSTALLER = "$BAZEL_STUBS_DIR/tools/xcodeproj-shims/installer";
				BAZEL_PATH = bazelisk;
				BAZEL_STUBS_DIR = $PROJECT_FILE_PATH/bazelstubs;
				BAZEL_WORKSPACE_ROOT = $SRCROOT/../..;
				CC = "$BAZEL_STUBS_DIR/clang-stub";
				CLANG_ANALYZER_EXEC = $CC;
				CODE_SIGNING_ALLOWED = 0;
				CXX = $CC;
				DONT_RUN_SWIFT_STDLIB_TOOL = 1;
				LD = "$BAZEL_STUBS_DIR/ld-stub";
				LIBTOOL = /usr/bin/true;
				SDKROOT = iphoneos;
				SWIFT_EXEC = "$BAZEL_STUBS_DIR/swiftc-stub";
				SWIFT_OBJC_INTERFACE_HEADER_NAME = "";
				SWIFT_VERSION = 5;
			};
			name = Release;
		};
		9C8E43C684BA9BDEB3E3C791 /* Debug */ = {
			isa = XCBuildConfiguration;
			buildSettings = {
				BAZEL_PACKAGE = tests/xcodeproj;
				MACH_O_TYPE = "$(inherited)";
				PRODUCT_NAME = "Single-Application-RunnableTestSuite";
			};
			name = Debug;
		};
		D0D546F48AD698CADC2B4CF4 /* Release */ = {
			isa = XCBuildConfiguration;
			buildSettings = {
				BAZEL_PACKAGE = tests/xcodeproj;
				MACH_O_TYPE = "$(inherited)";
				PRODUCT_NAME = "Single-Application-RunnableTestSuite";
			};
			name = Release;
		};
		D60C6B2C219D235429C548BD /* Release */ = {
			isa = XCBuildConfiguration;
			buildSettings = {
				BAZEL_PACKAGE = tests/xcodeproj;
				MACH_O_TYPE = "$(inherited)";
				PRODUCT_NAME = "Single-Application-UnitTests";
			};
			name = Release;
		};
/* End XCBuildConfiguration section */

/* Begin XCConfigurationList section */
		7A662457E5D1C93CC2E6A723 /* Build configuration list for PBXNativeTarget "Single-Application-RunnableTestSuite" */ = {
			isa = XCConfigurationList;
			buildConfigurations = (
				9C8E43C684BA9BDEB3E3C791 /* Debug */,
				D0D546F48AD698CADC2B4CF4 /* Release */,
			);
			defaultConfigurationIsVisible = 0;
			defaultConfigurationName = "";
		};
		A9D000AC6FBD93BBC4171360 /* Build configuration list for PBXNativeTarget "Single-Application-UnitTests" */ = {
			isa = XCConfigurationList;
			buildConfigurations = (
				1ED5544822BB90C0310DECBF /* Debug */,
				D60C6B2C219D235429C548BD /* Release */,
			);
			defaultConfigurationIsVisible = 0;
			defaultConfigurationName = "";
		};
		B786FFAF7F5DCB5B8AB130C3 /* Build configuration list for PBXNativeTarget "iOS-12.0-AppHost" */ = {
			isa = XCConfigurationList;
			buildConfigurations = (
				417C29AC852892B2A910C8D0 /* Debug */,
				54F7DEC875A2F5ED466FE588 /* Release */,
			);
			defaultConfigurationIsVisible = 0;
			defaultConfigurationName = "";
		};
		BA2E38F7EDD931D888D74615 /* Build configuration list for PBXProject "Single-Application-Project-AllTargets" */ = {
			isa = XCConfigurationList;
			buildConfigurations = (
				68A16F2D813AF1A4ADB2C835 /* Debug */,
				91DFFF9DBCE87E057346921A /* Release */,
			);
			defaultConfigurationIsVisible = 0;
			defaultConfigurationName = Debug;
		};
/* End XCConfigurationList section */
	};
	rootObject = 46323D8CD59A49C2E821AF84 /* Project object */;
}
