// !$*UTF8*$!
{
	archiveVersion = 1;
	classes = {
	};
	objectVersion = 51;
	objects = {

/* Begin PBXBuildFile section */
		6A410ADA88ABB3D7DF9CE397 /* test.swift in Sources */ = {isa = PBXBuildFile; fileRef = 5FF81A9585DBB110EBD9CAC0 /* test.swift */; };
		8C6CBF1D63DD7DAAE1B93DDE /* test.swift in Sources */ = {isa = PBXBuildFile; fileRef = 5FF81A9585DBB110EBD9CAC0 /* test.swift */; };
		D49E54C698B02F6802182B95 /* main.m in Sources */ = {isa = PBXBuildFile; fileRef = 219EC613C66D223DC34C2B88 /* main.m */; };
/* End PBXBuildFile section */

/* Begin PBXFileReference section */
		146E4DA29D3926A9043807DA /* iOS-12.0-AppHost.app */ = {isa = PBXFileReference; includeInIndex = 0; lastKnownFileType = wrapper.application; path = "iOS-12.0-AppHost.app"; sourceTree = BUILT_PRODUCTS_DIR; };
		219EC613C66D223DC34C2B88 /* main.m */ = {isa = PBXFileReference; lastKnownFileType = sourcecode.c.objc; name = main.m; path = ../../rules/test_host_app/main.m; sourceTree = "<group>"; };
		48A8F4B41EF706F8BEEC7ACB /* Single-Application-UnitTests.xctest */ = {isa = PBXFileReference; includeInIndex = 0; lastKnownFileType = wrapper.cfbundle; path = "Single-Application-UnitTests.xctest"; sourceTree = BUILT_PRODUCTS_DIR; };
		5FF81A9585DBB110EBD9CAC0 /* test.swift */ = {isa = PBXFileReference; lastKnownFileType = sourcecode.swift; name = test.swift; path = test.swift; sourceTree = "<group>"; };
		8DBB99CE021DEB0B97F196EA /* common.pch */ = {isa = PBXFileReference; lastKnownFileType = sourcecode.c.h; name = common.pch; path = ../../rules/library/common.pch; sourceTree = "<group>"; };
		AB7BB9505A64B479DA80B398 /* resource_bundle.plist */ = {isa = PBXFileReference; lastKnownFileType = text.plist; name = resource_bundle.plist; path = ../../rules/library/resource_bundle.plist; sourceTree = "<group>"; };
		B78EE0EEB0063E31D2BAB2D9 /* Single-Application-RunnableTestSuite.xctest */ = {isa = PBXFileReference; includeInIndex = 0; lastKnownFileType = wrapper.cfbundle; path = "Single-Application-RunnableTestSuite.xctest"; sourceTree = BUILT_PRODUCTS_DIR; };
		C7D23D76EAC581CB42F9ECC8 /* Contents.json */ = {isa = PBXFileReference; lastKnownFileType = text.json; name = Contents.json; path = ../../rules/test_host_app/AssetCatalogFixture.xcassets/Contents.json; sourceTree = "<group>"; };
		E8189BFE61671DD0C36CBACF /* ios.entitlements */ = {isa = PBXFileReference; lastKnownFileType = text.plist.entitlements; name = ios.entitlements; path = ../../rules/test_host_app/ios.entitlements; sourceTree = "<group>"; };
/* End PBXFileReference section */

/* Begin PBXGroup section */
		15D082D8F5176D71E1962905 /* tests */ = {
			isa = PBXGroup;
			children = (
				7497927D750CB1417F6A9CB5 /* xcodeproj */,
			);
			name = tests;
			sourceTree = "<group>";
		};
		1CF34C0D6B2E1DDA06D9AC45 /* rules */ = {
			isa = PBXGroup;
			children = (
				D099E71665C7B6C5389FAEDF /* library */,
				21BA00DCD3A39A744A656EFC /* test_host_app */,
			);
			name = rules;
			sourceTree = "<group>";
		};
		21BA00DCD3A39A744A656EFC /* test_host_app */ = {
			isa = PBXGroup;
			children = (
				995075BD7E686FB0D1912DF2 /* AssetCatalogFixture.xcassets */,
				E8189BFE61671DD0C36CBACF /* ios.entitlements */,
				219EC613C66D223DC34C2B88 /* main.m */,
			);
			name = test_host_app;
			sourceTree = "<group>";
		};
		5A3B302E16CCBBAB5EDBD3CB /* Products */ = {
			isa = PBXGroup;
			children = (
				146E4DA29D3926A9043807DA /* iOS-12.0-AppHost.app */,
				B78EE0EEB0063E31D2BAB2D9 /* Single-Application-RunnableTestSuite.xctest */,
				48A8F4B41EF706F8BEEC7ACB /* Single-Application-UnitTests.xctest */,
			);
			name = Products;
			sourceTree = "<group>";
		};
		7497927D750CB1417F6A9CB5 /* xcodeproj */ = {
			isa = PBXGroup;
			children = (
				5FF81A9585DBB110EBD9CAC0 /* test.swift */,
			);
			name = xcodeproj;
			sourceTree = "<group>";
		};
		7ADB7BAB86CA0502B994547C = {
			isa = PBXGroup;
			children = (
				1CF34C0D6B2E1DDA06D9AC45 /* rules */,
				15D082D8F5176D71E1962905 /* tests */,
				5A3B302E16CCBBAB5EDBD3CB /* Products */,
			);
			sourceTree = "<group>";
		};
		995075BD7E686FB0D1912DF2 /* AssetCatalogFixture.xcassets */ = {
			isa = PBXGroup;
			children = (
				C7D23D76EAC581CB42F9ECC8 /* Contents.json */,
			);
			name = AssetCatalogFixture.xcassets;
			sourceTree = "<group>";
		};
		D099E71665C7B6C5389FAEDF /* library */ = {
			isa = PBXGroup;
			children = (
				8DBB99CE021DEB0B97F196EA /* common.pch */,
				AB7BB9505A64B479DA80B398 /* resource_bundle.plist */,
			);
			name = library;
			sourceTree = "<group>";
		};
/* End PBXGroup section */

/* Begin PBXNativeTarget section */
		53B236C9AFA4EEC9DF417E76 /* Single-Application-UnitTests */ = {
			isa = PBXNativeTarget;
			buildConfigurationList = A6C8A6303BA73A0E350EA4E5 /* Build configuration list for PBXNativeTarget "Single-Application-UnitTests" */;
			buildPhases = (
				0D18E1226C90BD70CED2E4C6 /* Build with bazel */,
				7949D60365B3D327D09C5112 /* Sources */,
			);
			buildRules = (
			);
			dependencies = (
			);
			name = "Single-Application-UnitTests";
			productName = "Single-Application-UnitTests";
			productReference = 48A8F4B41EF706F8BEEC7ACB /* Single-Application-UnitTests.xctest */;
			productType = "com.apple.product-type.bundle.unit-test";
		};
		7EB1D435D6F57CDE2169C46E /* Single-Application-RunnableTestSuite */ = {
			isa = PBXNativeTarget;
			buildConfigurationList = 940A8EC577688CB1525E1A8D /* Build configuration list for PBXNativeTarget "Single-Application-RunnableTestSuite" */;
			buildPhases = (
				118E83A815478B52FE61E86D /* Build with bazel */,
				32CDC5F16EB265F06B7843DB /* Sources */,
			);
			buildRules = (
			);
			dependencies = (
			);
			name = "Single-Application-RunnableTestSuite";
			productName = "Single-Application-RunnableTestSuite";
			productReference = B78EE0EEB0063E31D2BAB2D9 /* Single-Application-RunnableTestSuite.xctest */;
			productType = "com.apple.product-type.bundle.unit-test";
		};
		953F77E7CC3D55B3382441CD /* iOS-12.0-AppHost */ = {
			isa = PBXNativeTarget;
			buildConfigurationList = 5B3C9FF9DE16EFD6B8C92C21 /* Build configuration list for PBXNativeTarget "iOS-12.0-AppHost" */;
			buildPhases = (
				0F6F1388627E323C028D8330 /* Build with bazel */,
				623E27DB6A1344826F4BD432 /* Sources */,
			);
			buildRules = (
			);
			dependencies = (
			);
			name = "iOS-12.0-AppHost";
			productName = "iOS-12.0-AppHost";
			productReference = 146E4DA29D3926A9043807DA /* iOS-12.0-AppHost.app */;
			productType = "com.apple.product-type.application";
		};
/* End PBXNativeTarget section */

/* Begin PBXProject section */
		347E243171F381128D9F8FB9 /* Project object */ = {
			isa = PBXProject;
			attributes = {
				LastUpgradeCheck = 1020;
				TargetAttributes = {
				};
			};
			buildConfigurationList = E56DD3DAD8A098C38A12BE5A /* Build configuration list for PBXProject "Single-Application-Project" */;
			compatibilityVersion = "Xcode 10.0";
			developmentRegion = en;
			hasScannedForEncodings = 0;
			knownRegions = (
				Base,
				en,
			);
			mainGroup = 7ADB7BAB86CA0502B994547C;
			projectDirPath = "";
			projectRoot = "";
			targets = (
				7EB1D435D6F57CDE2169C46E /* Single-Application-RunnableTestSuite */,
				53B236C9AFA4EEC9DF417E76 /* Single-Application-UnitTests */,
				953F77E7CC3D55B3382441CD /* iOS-12.0-AppHost */,
			);
		};
/* End PBXProject section */

/* Begin PBXShellScriptBuildPhase section */
		0D18E1226C90BD70CED2E4C6 /* Build with bazel */ = {
			isa = PBXShellScriptBuildPhase;
			buildActionMask = 2147483647;
			files = (
			);
			inputFileListPaths = (
			);
			inputPaths = (
			);
			name = "Build with bazel";
			outputFileListPaths = (
			);
			outputPaths = (
			);
			runOnlyForDeploymentPostprocessing = 0;
			shellPath = /bin/sh;
			shellScript = "\nset -eux\ncd $BAZEL_WORKSPACE_ROOT\n\n$BAZEL_PATH build $BAZEL_PACKAGE:Single-Application-UnitTests\n$BAZEL_INSTALLER\n";
		};
		0F6F1388627E323C028D8330 /* Build with bazel */ = {
			isa = PBXShellScriptBuildPhase;
			buildActionMask = 2147483647;
			files = (
			);
			inputFileListPaths = (
			);
			inputPaths = (
			);
			name = "Build with bazel";
			outputFileListPaths = (
			);
			outputPaths = (
			);
			runOnlyForDeploymentPostprocessing = 0;
			shellPath = /bin/sh;
			shellScript = "\nset -eux\ncd $BAZEL_WORKSPACE_ROOT\n\n$BAZEL_PATH build $BAZEL_PACKAGE:iOS-12.0-AppHost\n$BAZEL_INSTALLER\n";
		};
		118E83A815478B52FE61E86D /* Build with bazel */ = {
			isa = PBXShellScriptBuildPhase;
			buildActionMask = 2147483647;
			files = (
			);
			inputFileListPaths = (
			);
			inputPaths = (
			);
			name = "Build with bazel";
			outputFileListPaths = (
			);
			outputPaths = (
			);
			runOnlyForDeploymentPostprocessing = 0;
			shellPath = /bin/sh;
			shellScript = "\nset -eux\ncd $BAZEL_WORKSPACE_ROOT\n\n$BAZEL_PATH build $BAZEL_PACKAGE:Single-Application-RunnableTestSuite_iPad-Air-2__12.4\n$BAZEL_INSTALLER\n";
		};
/* End PBXShellScriptBuildPhase section */

/* Begin PBXSourcesBuildPhase section */
		32CDC5F16EB265F06B7843DB /* Sources */ = {
			isa = PBXSourcesBuildPhase;
			buildActionMask = 2147483647;
			files = (
				6A410ADA88ABB3D7DF9CE397 /* test.swift in Sources */,
			);
			runOnlyForDeploymentPostprocessing = 0;
		};
		623E27DB6A1344826F4BD432 /* Sources */ = {
			isa = PBXSourcesBuildPhase;
			buildActionMask = 2147483647;
			files = (
				D49E54C698B02F6802182B95 /* main.m in Sources */,
			);
			runOnlyForDeploymentPostprocessing = 0;
		};
		7949D60365B3D327D09C5112 /* Sources */ = {
			isa = PBXSourcesBuildPhase;
			buildActionMask = 2147483647;
			files = (
				8C6CBF1D63DD7DAAE1B93DDE /* test.swift in Sources */,
			);
			runOnlyForDeploymentPostprocessing = 0;
		};
/* End PBXSourcesBuildPhase section */

/* Begin XCBuildConfiguration section */
		05B1BBD63719E86537C763D4 /* Release */ = {
			isa = XCBuildConfiguration;
			buildSettings = {
				BAZEL_PACKAGE = tests/xcodeproj;
				MACH_O_TYPE = "$(inherited)";
				PRODUCT_NAME = "Single-Application-UnitTests";
			};
			name = Release;
		};
		07C1F422B24C1BC56DDFE3D7 /* Release */ = {
			isa = XCBuildConfiguration;
			buildSettings = {
				BAZEL_PACKAGE = tests/xcodeproj;
				MACH_O_TYPE = "$(inherited)";
				PRODUCT_NAME = "Single-Application-RunnableTestSuite";
			};
			name = Release;
		};
		29FB8FD25EB8E1F46FEDAA92 /* Release */ = {
			isa = XCBuildConfiguration;
			buildSettings = {
				BAZEL_PACKAGE = rules/test_host_app;
				MACH_O_TYPE = "$(inherited)";
				PRODUCT_NAME = "iOS-12.0-AppHost";
			};
			name = Release;
		};
		8BCBFAE9325C1BE03DB2407A /* Debug */ = {
			isa = XCBuildConfiguration;
			buildSettings = {
				BAZEL_PACKAGE = tests/xcodeproj;
				MACH_O_TYPE = "$(inherited)";
				PRODUCT_NAME = "Single-Application-RunnableTestSuite";
			};
			name = Debug;
		};
		946D7ED96CBB77B01B72965A /* Debug */ = {
			isa = XCBuildConfiguration;
			buildSettings = {
				BAZEL_PACKAGE = rules/test_host_app;
				MACH_O_TYPE = "$(inherited)";
				PRODUCT_NAME = "iOS-12.0-AppHost";
			};
			name = Debug;
		};
		9CCF8B32A2C9E4E19651698B /* Debug */ = {
			isa = XCBuildConfiguration;
			buildSettings = {
				BAZEL_PACKAGE = tests/xcodeproj;
				MACH_O_TYPE = "$(inherited)";
				PRODUCT_NAME = "Single-Application-UnitTests";
			};
			name = Debug;
		};
		AE1EF215D053824BF8576CD7 /* Debug */ = {
			isa = XCBuildConfiguration;
			buildSettings = {
				BAZEL_INSTALLER = "$BAZEL_STUBS_DIR/tools/xcodeproj-shims/installer";
				BAZEL_PATH = bazelisk;
				BAZEL_STUBS_DIR = $PROJECT_FILE_PATH/bazelstubs;
				BAZEL_WORKSPACE_ROOT = $SRCROOT/../..;
				CC = "$BAZEL_STUBS_DIR/clang-stub";
				CLANG_ANALYZER_EXEC = $CC;
				CODE_SIGNING_ALLOWED = 0;
				CXX = $CC;
				DONT_RUN_SWIFT_STDLIB_TOOL = 1;
				LD = "$BAZEL_STUBS_DIR/ld-stub";
				LIBTOOL = /usr/bin/true;
				SDKROOT = iphoneos;
				SWIFT_EXEC = "$BAZEL_STUBS_DIR/swiftc-stub";
				SWIFT_OBJC_INTERFACE_HEADER_NAME = "";
				SWIFT_VERSION = 5;
			};
			name = Debug;
		};
		C2957DBA0D232452D08ACFD8 /* Release */ = {
			isa = XCBuildConfiguration;
			buildSettings = {
				BAZEL_INSTALLER = "$BAZEL_STUBS_DIR/tools/xcodeproj-shims/installer";
				BAZEL_PATH = bazelisk;
				BAZEL_STUBS_DIR = $PROJECT_FILE_PATH/bazelstubs;
				BAZEL_WORKSPACE_ROOT = $SRCROOT/../..;
				CC = "$BAZEL_STUBS_DIR/clang-stub";
				CLANG_ANALYZER_EXEC = $CC;
				CODE_SIGNING_ALLOWED = 0;
				CXX = $CC;
				DONT_RUN_SWIFT_STDLIB_TOOL = 1;
				LD = "$BAZEL_STUBS_DIR/ld-stub";
				LIBTOOL = /usr/bin/true;
				SDKROOT = iphoneos;
				SWIFT_EXEC = "$BAZEL_STUBS_DIR/swiftc-stub";
				SWIFT_OBJC_INTERFACE_HEADER_NAME = "";
				SWIFT_VERSION = 5;
			};
			name = Release;
		};
/* End XCBuildConfiguration section */

/* Begin XCConfigurationList section */
		5B3C9FF9DE16EFD6B8C92C21 /* Build configuration list for PBXNativeTarget "iOS-12.0-AppHost" */ = {
			isa = XCConfigurationList;
			buildConfigurations = (
				946D7ED96CBB77B01B72965A /* Debug */,
				29FB8FD25EB8E1F46FEDAA92 /* Release */,
			);
			defaultConfigurationIsVisible = 0;
			defaultConfigurationName = "";
		};
		940A8EC577688CB1525E1A8D /* Build configuration list for PBXNativeTarget "Single-Application-RunnableTestSuite" */ = {
			isa = XCConfigurationList;
			buildConfigurations = (
				8BCBFAE9325C1BE03DB2407A /* Debug */,
				07C1F422B24C1BC56DDFE3D7 /* Release */,
			);
			defaultConfigurationIsVisible = 0;
			defaultConfigurationName = "";
		};
		A6C8A6303BA73A0E350EA4E5 /* Build configuration list for PBXNativeTarget "Single-Application-UnitTests" */ = {
			isa = XCConfigurationList;
			buildConfigurations = (
				9CCF8B32A2C9E4E19651698B /* Debug */,
				05B1BBD63719E86537C763D4 /* Release */,
			);
			defaultConfigurationIsVisible = 0;
			defaultConfigurationName = "";
		};
		E56DD3DAD8A098C38A12BE5A /* Build configuration list for PBXProject "Single-Application-Project" */ = {
			isa = XCConfigurationList;
			buildConfigurations = (
				AE1EF215D053824BF8576CD7 /* Debug */,
				C2957DBA0D232452D08ACFD8 /* Release */,
			);
			defaultConfigurationIsVisible = 0;
			defaultConfigurationName = Debug;
		};
/* End XCConfigurationList section */
	};
	rootObject = 347E243171F381128D9F8FB9 /* Project object */;
}
